// !$*UTF8*$!
{
	archiveVersion = 1;
	classes = {
	};
	objectVersion = 44;
	objects = {

/* Begin PBXAggregateTarget section */
		172754BD107597F200D0347B /* Unit Tests */ = {
			isa = PBXAggregateTarget;
			buildConfigurationList = 172754C7107597F400D0347B /* Build configuration list for PBXAggregateTarget "Unit Tests" */;
			buildPhases = (
				172754BC107597F200D0347B /* ShellScript */,
			);
			dependencies = (
			);
			name = "Unit Tests";
			productName = "Unit Tests";
		};
		4D1A51A110A4FF5D0046A98A /* Compile */ = {
			isa = PBXAggregateTarget;
			buildConfigurationList = 4D1A51AB10A4FF6A0046A98A /* Build configuration list for PBXAggregateTarget "Compile" */;
			buildPhases = (
				4D1A51A010A4FF5D0046A98A /* ShellScript */,
			);
			dependencies = (
			);
			name = Compile;
			productName = Compile;
		};
		4D1A51A510A4FF640046A98A /* Embed */ = {
			isa = PBXAggregateTarget;
			buildConfigurationList = 4D1A51AC10A4FF6A0046A98A /* Build configuration list for PBXAggregateTarget "Embed" */;
			buildPhases = (
				4D1A51A410A4FF640046A98A /* ShellScript */,
			);
			dependencies = (
			);
			name = Embed;
			productName = Embed;
		};
/* End PBXAggregateTarget section */

/* Begin PBXBuildFile section */
		4DE339F70D74FCDD00ADB6EE /* rb_main.rb in Resources */ = {isa = PBXBuildFile; fileRef = 4DE339F60D74FCDD00ADB6EE /* rb_main.rb */; };
		580A6D30127F2A060078439A /* MessageTextView.m in Sources */ = {isa = PBXBuildFile; fileRef = 580A6D2F127F2A060078439A /* MessageTextView.m */; };
		580A6D3B127F310F0078439A /* AvatarView.m in Sources */ = {isa = PBXBuildFile; fileRef = 580A6D3A127F310F0078439A /* AvatarView.m */; };
		580A6D46127F32AF0078439A /* MessagePictureView.m in Sources */ = {isa = PBXBuildFile; fileRef = 580A6D45127F32AF0078439A /* MessagePictureView.m */; };
		580A6FA1127F5E390078439A /* MessageCell.m in Sources */ = {isa = PBXBuildFile; fileRef = 580A6FA0127F5E390078439A /* MessageCell.m */; };
		581805A11138516600A61784 /* OBUser.rb in Resources */ = {isa = PBXBuildFile; fileRef = 581805A01138516600A61784 /* OBUser.rb */; };
		5821058B11178FB00025DAF4 /* OBAccount.m in Sources */ = {isa = PBXBuildFile; fileRef = 5821055E11178FB00025DAF4 /* OBAccount.m */; };
		5821058C11178FB00025DAF4 /* OBConnector.m in Sources */ = {isa = PBXBuildFile; fileRef = 5821056011178FB00025DAF4 /* OBConnector.m */; };
		5821058D11178FB00025DAF4 /* OBDashboardMonitor.m in Sources */ = {isa = PBXBuildFile; fileRef = 5821056211178FB00025DAF4 /* OBDashboardMonitor.m */; };
		5821058E11178FB00025DAF4 /* OBMessage.m in Sources */ = {isa = PBXBuildFile; fileRef = 5821056411178FB00025DAF4 /* OBMessage.m */; };
		582105BB111793B60025DAF4 /* libz.1.2.3.dylib in Frameworks */ = {isa = PBXBuildFile; fileRef = 582105BA111793B60025DAF4 /* libz.1.2.3.dylib */; };
		582105C1111793C20025DAF4 /* SystemConfiguration.framework in Frameworks */ = {isa = PBXBuildFile; fileRef = 582105C0111793C20025DAF4 /* SystemConfiguration.framework */; };
		58230496117F235C0076AFB6 /* Localizable.strings in Resources */ = {isa = PBXBuildFile; fileRef = 58230495117F235C0076AFB6 /* Localizable.strings */; };
		58341FEF112F1B44008938A9 /* BrowserController.rb in Resources */ = {isa = PBXBuildFile; fileRef = 58341FEE112F1B44008938A9 /* BrowserController.rb */; };
		583420A91130031E008938A9 /* Growl.framework in Frameworks */ = {isa = PBXBuildFile; fileRef = 583420A81130031E008938A9 /* Growl.framework */; };
		583420D2113003DA008938A9 /* Growl.framework in CopyFiles */ = {isa = PBXBuildFile; fileRef = 583420A81130031E008938A9 /* Growl.framework */; };
		583420EC11300618008938A9 /* Growl Registration Ticket.growlRegDict in Resources */ = {isa = PBXBuildFile; fileRef = 583420A7112FFD31008938A9 /* Growl Registration Ticket.growlRegDict */; };
		583421A4113043B8008938A9 /* OBUser.m in Sources */ = {isa = PBXBuildFile; fileRef = 583421A3113043B8008938A9 /* OBUser.m */; };
		5834229811306E7E008938A9 /* NewMessageDialogController.rb in Resources */ = {isa = PBXBuildFile; fileRef = 5834229711306E7E008938A9 /* NewMessageDialogController.rb */; };
		583422CD113083BA008938A9 /* NewMessageDialog.xib in Resources */ = {isa = PBXBuildFile; fileRef = 583422CC113083BA008938A9 /* NewMessageDialog.xib */; };
		583BA23112CB6D23002AD442 /* YAJL.framework in CopyFiles */ = {isa = PBXBuildFile; fileRef = 5872F27A12CA806500162208 /* YAJL.framework */; };
		583BA55112CB9162002AD442 /* YAJL.framework in Frameworks */ = {isa = PBXBuildFile; fileRef = 5872F27A12CA806500162208 /* YAJL.framework */; };
		583BAFC712D11216002AD442 /* Security.framework in Frameworks */ = {isa = PBXBuildFile; fileRef = 583BAFC612D11216002AD442 /* Security.framework */; };
		583BB31912D26D4D002AD442 /* ASIFormDataRequest.m in Sources */ = {isa = PBXBuildFile; fileRef = 583BB2C512D26D4D002AD442 /* ASIFormDataRequest.m */; };
		583BB31A12D26D4D002AD442 /* ASIHTTPRequest.m in Sources */ = {isa = PBXBuildFile; fileRef = 583BB2C712D26D4D002AD442 /* ASIHTTPRequest.m */; };
		583BB31B12D26D4D002AD442 /* ASIInputStream.m in Sources */ = {isa = PBXBuildFile; fileRef = 583BB2CB12D26D4D002AD442 /* ASIInputStream.m */; };
		583BB31C12D26D4D002AD442 /* ASINetworkQueue.m in Sources */ = {isa = PBXBuildFile; fileRef = 583BB2CD12D26D4D002AD442 /* ASINetworkQueue.m */; };
		583BB31D12D26D4D002AD442 /* ASINSStringAdditions.m in Sources */ = {isa = PBXBuildFile; fileRef = 583BB2CF12D26D4D002AD442 /* ASINSStringAdditions.m */; };
		583BB31F12D26D4D002AD442 /* PSFoundationExtensions.m in Sources */ = {isa = PBXBuildFile; fileRef = 583BB2D812D26D4D002AD442 /* PSFoundationExtensions.m */; };
		583BB32012D26D4D002AD442 /* PSIntArray.m in Sources */ = {isa = PBXBuildFile; fileRef = 583BB2DA12D26D4D002AD442 /* PSIntArray.m */; };
		583BB32112D26D4D002AD442 /* PSModule.m in Sources */ = {isa = PBXBuildFile; fileRef = 583BB2DD12D26D4D002AD442 /* PSModule.m */; };
		583BB32212D26D4D002AD442 /* PSAccount.bridgesupport in Resources */ = {isa = PBXBuildFile; fileRef = 583BB2DF12D26D4D002AD442 /* PSAccount.bridgesupport */; };
		583BB32312D26D4D002AD442 /* PSCocoaExtensions.bridgesupport in Resources */ = {isa = PBXBuildFile; fileRef = 583BB2E012D26D4D002AD442 /* PSCocoaExtensions.bridgesupport */; };
		583BB32412D26D4D002AD442 /* PSConnector.bridgesupport in Resources */ = {isa = PBXBuildFile; fileRef = 583BB2E112D26D4D002AD442 /* PSConnector.bridgesupport */; };
		583BB32512D26D4D002AD442 /* PSConnectorAccount.bridgesupport in Resources */ = {isa = PBXBuildFile; fileRef = 583BB2E212D26D4D002AD442 /* PSConnectorAccount.bridgesupport */; };
		583BB32612D26D4D002AD442 /* PSConnectorDelegate.bridgesupport in Resources */ = {isa = PBXBuildFile; fileRef = 583BB2E312D26D4D002AD442 /* PSConnectorDelegate.bridgesupport */; };
		583BB32712D26D4D002AD442 /* PSConstants.bridgesupport in Resources */ = {isa = PBXBuildFile; fileRef = 583BB2E412D26D4D002AD442 /* PSConstants.bridgesupport */; };
		583BB32812D26D4D002AD442 /* PSDependencies.bridgesupport in Resources */ = {isa = PBXBuildFile; fileRef = 583BB2E512D26D4D002AD442 /* PSDependencies.bridgesupport */; };
		583BB32912D26D4D002AD442 /* PSFoundationExtensions.bridgesupport in Resources */ = {isa = PBXBuildFile; fileRef = 583BB2E612D26D4D002AD442 /* PSFoundationExtensions.bridgesupport */; };
		583BB32A12D26D4D002AD442 /* PSIntArray.bridgesupport in Resources */ = {isa = PBXBuildFile; fileRef = 583BB2E712D26D4D002AD442 /* PSIntArray.bridgesupport */; };
		583BB32B12D26D4D002AD442 /* PsiToolkit.bridgesupport in Resources */ = {isa = PBXBuildFile; fileRef = 583BB2E812D26D4D002AD442 /* PsiToolkit.bridgesupport */; };
		583BB32C12D26D4D002AD442 /* PSMacros.bridgesupport in Resources */ = {isa = PBXBuildFile; fileRef = 583BB2E912D26D4D002AD442 /* PSMacros.bridgesupport */; };
		583BB32D12D26D4D002AD442 /* PSModel.bridgesupport in Resources */ = {isa = PBXBuildFile; fileRef = 583BB2EA12D26D4D002AD442 /* PSModel.bridgesupport */; };
		583BB32E12D26D4D002AD442 /* PSModelManager.bridgesupport in Resources */ = {isa = PBXBuildFile; fileRef = 583BB2EB12D26D4D002AD442 /* PSModelManager.bridgesupport */; };
		583BB32F12D26D4D002AD442 /* PSPathBuilder.bridgesupport in Resources */ = {isa = PBXBuildFile; fileRef = 583BB2EC12D26D4D002AD442 /* PSPathBuilder.bridgesupport */; };
		583BB33012D26D4D002AD442 /* PSRequest.bridgesupport in Resources */ = {isa = PBXBuildFile; fileRef = 583BB2ED12D26D4D002AD442 /* PSRequest.bridgesupport */; };
		583BB33112D26D4D002AD442 /* PSResponse.bridgesupport in Resources */ = {isa = PBXBuildFile; fileRef = 583BB2EE12D26D4D002AD442 /* PSResponse.bridgesupport */; };
		583BB33212D26D4D002AD442 /* PSRestRouter.bridgesupport in Resources */ = {isa = PBXBuildFile; fileRef = 583BB2EF12D26D4D002AD442 /* PSRestRouter.bridgesupport */; };
		583BB33312D26D4D002AD442 /* PSRouter.bridgesupport in Resources */ = {isa = PBXBuildFile; fileRef = 583BB2F012D26D4D002AD442 /* PSRouter.bridgesupport */; };
		583BB33412D26D4D002AD442 /* PSSecurityExtensions.bridgesupport in Resources */ = {isa = PBXBuildFile; fileRef = 583BB2F112D26D4D002AD442 /* PSSecurityExtensions.bridgesupport */; };
		583BB33512D26D4D002AD442 /* PSCocoaExtensions.m in Sources */ = {isa = PBXBuildFile; fileRef = 583BB2F412D26D4D002AD442 /* PSCocoaExtensions.m */; };
		583BB33812D26D4D002AD442 /* PSAccount.m in Sources */ = {isa = PBXBuildFile; fileRef = 583BB2F912D26D4D002AD442 /* PSAccount.m */; };
		583BB33912D26D4D002AD442 /* PSModel.m in Sources */ = {isa = PBXBuildFile; fileRef = 583BB2FB12D26D4D002AD442 /* PSModel.m */; };
		583BB33A12D26D4D002AD442 /* PSModelManager.m in Sources */ = {isa = PBXBuildFile; fileRef = 583BB2FD12D26D4D002AD442 /* PSModelManager.m */; };
		583BB33B12D26D4D002AD442 /* PSConnector.m in Sources */ = {isa = PBXBuildFile; fileRef = 583BB30012D26D4D002AD442 /* PSConnector.m */; };
		583BB33C12D26D4D002AD442 /* PSPathBuilder.m in Sources */ = {isa = PBXBuildFile; fileRef = 583BB30412D26D4D002AD442 /* PSPathBuilder.m */; };
		583BB33D12D26D4D002AD442 /* PSRequest.m in Sources */ = {isa = PBXBuildFile; fileRef = 583BB30612D26D4D002AD442 /* PSRequest.m */; };
		583BB33E12D26D4D002AD442 /* PSResponse.m in Sources */ = {isa = PBXBuildFile; fileRef = 583BB30812D26D4D002AD442 /* PSResponse.m */; };
		583BB33F12D26D4D002AD442 /* PSRestRouter.m in Sources */ = {isa = PBXBuildFile; fileRef = 583BB30A12D26D4D002AD442 /* PSRestRouter.m */; };
		583BB34112D26D4D002AD442 /* PSSecurityExtensions.m in Sources */ = {isa = PBXBuildFile; fileRef = 583BB31012D26D4D002AD442 /* PSSecurityExtensions.m */; };
		583BB34212D26D4D002AD442 /* SDKeychain.m in Sources */ = {isa = PBXBuildFile; fileRef = 583BB31212D26D4D002AD442 /* SDKeychain.m */; };
		583BB34312D26D4D002AD442 /* SFHFKeychainUtils.m in Sources */ = {isa = PBXBuildFile; fileRef = 583BB31412D26D4D002AD442 /* SFHFKeychainUtils.m */; };
		583BB34412D26D4D002AD442 /* PSUIExtensions.m in Sources */ = {isa = PBXBuildFile; fileRef = 583BB31712D26D4D002AD442 /* PSUIExtensions.m */; };
		585A9239111B66FA003ABD05 /* ApplicationDelegate.rb in Resources */ = {isa = PBXBuildFile; fileRef = 585A9238111B66FA003ABD05 /* ApplicationDelegate.rb */; };
		585A923E111B674D003ABD05 /* MainWindowController.rb in Resources */ = {isa = PBXBuildFile; fileRef = 585A923D111B674D003ABD05 /* MainWindowController.rb */; };
		585A92AD111B7011003ABD05 /* MainWindow.xib in Resources */ = {isa = PBXBuildFile; fileRef = 585A92AC111B7011003ABD05 /* MainWindow.xib */; };
		585A92B0111B7060003ABD05 /* MainMenu.xib in Resources */ = {isa = PBXBuildFile; fileRef = 585A92AE111B7060003ABD05 /* MainMenu.xib */; };
		5871629D12B4EDA900830147 /* OBShortLink.m in Sources */ = {isa = PBXBuildFile; fileRef = 5871629B12B4EDA900830147 /* OBShortLink.m */; };
		5883BD9D113D832C00F72D34 /* macblip_icon_80.png in Resources */ = {isa = PBXBuildFile; fileRef = 5883BD9C113D832C00F72D34 /* macblip_icon_80.png */; };
		5897EF471129C3750029B4D9 /* MacRuby.framework in Frameworks */ = {isa = PBXBuildFile; fileRef = 5897EF461129C3750029B4D9 /* MacRuby.framework */; };
		5897EFAF1129C9530029B4D9 /* SDKVO.m in Sources */ = {isa = PBXBuildFile; fileRef = 5897EFA51129C9530029B4D9 /* SDKVO.m */; };
		5897EFB11129C9530029B4D9 /* SDListView.m in Sources */ = {isa = PBXBuildFile; fileRef = 5897EFAA1129C9530029B4D9 /* SDListView.m */; };
		5897EFB21129C9530029B4D9 /* SDListViewItem.m in Sources */ = {isa = PBXBuildFile; fileRef = 5897EFAD1129C9530029B4D9 /* SDListViewItem.m */; };
		5897EFBD1129C9E90029B4D9 /* Quartz.framework in Frameworks */ = {isa = PBXBuildFile; fileRef = 5897EFBC1129C9E90029B4D9 /* Quartz.framework */; };
		5897F030112C76650029B4D9 /* MessageCellController.rb in Resources */ = {isa = PBXBuildFile; fileRef = 5897F02F112C76650029B4D9 /* MessageCellController.rb */; };
		5897F033112C766F0029B4D9 /* MessageCell.xib in Resources */ = {isa = PBXBuildFile; fileRef = 5897F031112C766F0029B4D9 /* MessageCell.xib */; };
		5897F1C2112DDD5D0029B4D9 /* Constants.bridgesupport in Resources */ = {isa = PBXBuildFile; fileRef = 5897F1B7112DDD5D0029B4D9 /* Constants.bridgesupport */; };
		5897F1C3112DDD5D0029B4D9 /* OBAccount.bridgesupport in Resources */ = {isa = PBXBuildFile; fileRef = 5897F1B8112DDD5D0029B4D9 /* OBAccount.bridgesupport */; };
		5897F1C4112DDD5D0029B4D9 /* OBConnector.bridgesupport in Resources */ = {isa = PBXBuildFile; fileRef = 5897F1B9112DDD5D0029B4D9 /* OBConnector.bridgesupport */; };
		5897F1C5112DDD5D0029B4D9 /* OBDashboardMonitor.bridgesupport in Resources */ = {isa = PBXBuildFile; fileRef = 5897F1BA112DDD5D0029B4D9 /* OBDashboardMonitor.bridgesupport */; };
		5897F1C6112DDD5D0029B4D9 /* ObjectiveBlip.bridgesupport in Resources */ = {isa = PBXBuildFile; fileRef = 5897F1BB112DDD5D0029B4D9 /* ObjectiveBlip.bridgesupport */; };
		5897F1C7112DDD5D0029B4D9 /* OBMessage.bridgesupport in Resources */ = {isa = PBXBuildFile; fileRef = 5897F1BC112DDD5D0029B4D9 /* OBMessage.bridgesupport */; };
		5897F1CA112DDD5D0029B4D9 /* OBRequest.bridgesupport in Resources */ = {isa = PBXBuildFile; fileRef = 5897F1BF112DDD5D0029B4D9 /* OBRequest.bridgesupport */; };
		5897F1CE112DDE4A0029B4D9 /* LoginWindowController.rb in Resources */ = {isa = PBXBuildFile; fileRef = 5897F1CD112DDE4A0029B4D9 /* LoginWindowController.rb */; };
		5897F1D0112DDE5B0029B4D9 /* Extensions.rb in Resources */ = {isa = PBXBuildFile; fileRef = 5897F1CF112DDE5B0029B4D9 /* Extensions.rb */; };
		5897F1D6112DDE850029B4D9 /* LoginWindow.xib in Resources */ = {isa = PBXBuildFile; fileRef = 5897F1D4112DDE850029B4D9 /* LoginWindow.xib */; };
		5897F1FC112DE9060029B4D9 /* macblip_icon.icns in Resources */ = {isa = PBXBuildFile; fileRef = 5897F1FB112DE9060029B4D9 /* macblip_icon.icns */; };
		5897F20C112DEBEC0029B4D9 /* home.png in Resources */ = {isa = PBXBuildFile; fileRef = 5897F20B112DEBEC0029B4D9 /* home.png */; };
		5897F20E112DED5D0029B4D9 /* new_message.png in Resources */ = {isa = PBXBuildFile; fileRef = 5897F20D112DED5D0029B4D9 /* new_message.png */; };
		589B867412B50D4F00516FA2 /* ajax-loader.gif in Resources */ = {isa = PBXBuildFile; fileRef = 589B867312B50D4F00516FA2 /* ajax-loader.gif */; };
		589B878E12B52DEE00516FA2 /* LinkExpander.rb in Resources */ = {isa = PBXBuildFile; fileRef = 589B878D12B52DEE00516FA2 /* LinkExpander.rb */; };
		589B893512B56B5A00516FA2 /* Credits.html in Resources */ = {isa = PBXBuildFile; fileRef = 589B893412B56B5A00516FA2 /* Credits.html */; };
		589CDF88119F007000B1F64D /* WarningBar.rb in Resources */ = {isa = PBXBuildFile; fileRef = 589CDF87119F007000B1F64D /* WarningBar.rb */; };
		589CDFF6119F08E100B1F64D /* error.png in Resources */ = {isa = PBXBuildFile; fileRef = 589CDFF4119F08E100B1F64D /* error.png */; };
		589CDFF7119F08E100B1F64D /* warning.png in Resources */ = {isa = PBXBuildFile; fileRef = 589CDFF5119F08E100B1F64D /* warning.png */; };
		58A25DF8117DE51100784901 /* QLPreviewPanel.bridgesupport in Resources */ = {isa = PBXBuildFile; fileRef = 58A25DF7117DE51100784901 /* QLPreviewPanel.bridgesupport */; };
		58A25E11117DE5DB00784901 /* QuickLookPicture.rb in Resources */ = {isa = PBXBuildFile; fileRef = 58A25E10117DE5DB00784901 /* QuickLookPicture.rb */; };
		58AEE89A11A5AB8A00612211 /* FilesController.rb in Resources */ = {isa = PBXBuildFile; fileRef = 58AEE89911A5AB8A00612211 /* FilesController.rb */; };
		58AEE8E911A5BB0000612211 /* ASIHTTPRequestDelegate.bridgesupport in Resources */ = {isa = PBXBuildFile; fileRef = 58AEE8E611A5BB0000612211 /* ASIHTTPRequestDelegate.bridgesupport */; };
		58AEE8EA11A5BB0000612211 /* ASIProgressDelegate.bridgesupport in Resources */ = {isa = PBXBuildFile; fileRef = 58AEE8E711A5BB0000612211 /* ASIProgressDelegate.bridgesupport */; };
		58AEE8EB11A5BB0000612211 /* OBAvatarGroup.bridgesupport in Resources */ = {isa = PBXBuildFile; fileRef = 58AEE8E811A5BB0000612211 /* OBAvatarGroup.bridgesupport */; };
		58E6E3FF113183B300B97529 /* HumanReadableDateFormatter.rb in Resources */ = {isa = PBXBuildFile; fileRef = 58E6E3FD113183B300B97529 /* HumanReadableDateFormatter.rb */; };
		58E6E400113183B300B97529 /* OBMessage.rb in Resources */ = {isa = PBXBuildFile; fileRef = 58E6E3FE113183B300B97529 /* OBMessage.rb */; };
		58E6E4B21131C55B00B97529 /* TweetieLikeScroller.rb in Resources */ = {isa = PBXBuildFile; fileRef = 58E6E4B11131C55B00B97529 /* TweetieLikeScroller.rb */; };
		58E6E5741131D98000B97529 /* Sparkle.framework in Frameworks */ = {isa = PBXBuildFile; fileRef = 58E6E5731131D98000B97529 /* Sparkle.framework */; };
		58E6E5771131D99100B97529 /* Sparkle.framework in CopyFiles */ = {isa = PBXBuildFile; fileRef = 58E6E5731131D98000B97529 /* Sparkle.framework */; };
		58E6E5A11131E3FA00B97529 /* sparkle_pub_key.pem in Resources */ = {isa = PBXBuildFile; fileRef = 58E6E59C1131E3FA00B97529 /* sparkle_pub_key.pem */; };
		58E6E6E8113336D200B97529 /* ASIFormDataRequest.bridgesupport in Resources */ = {isa = PBXBuildFile; fileRef = 58E6E6E0113336D200B97529 /* ASIFormDataRequest.bridgesupport */; };
		58E6E6E9113336D200B97529 /* ASIHTTPRequest.bridgesupport in Resources */ = {isa = PBXBuildFile; fileRef = 58E6E6E1113336D200B97529 /* ASIHTTPRequest.bridgesupport */; };
		58E6E6EA113336D200B97529 /* ASIHTTPRequestConfig.bridgesupport in Resources */ = {isa = PBXBuildFile; fileRef = 58E6E6E2113336D200B97529 /* ASIHTTPRequestConfig.bridgesupport */; };
		58E6E6EB113336D200B97529 /* ASIInputStream.bridgesupport in Resources */ = {isa = PBXBuildFile; fileRef = 58E6E6E3113336D200B97529 /* ASIInputStream.bridgesupport */; };
		58E6E6EC113336D200B97529 /* ASINetworkQueue.bridgesupport in Resources */ = {isa = PBXBuildFile; fileRef = 58E6E6E4113336D200B97529 /* ASINetworkQueue.bridgesupport */; };
		58E6E6ED113336D200B97529 /* ASINSStringAdditions.bridgesupport in Resources */ = {isa = PBXBuildFile; fileRef = 58E6E6E5113336D200B97529 /* ASINSStringAdditions.bridgesupport */; };
		58E6E6EE113336D200B97529 /* OBUser.bridgesupport in Resources */ = {isa = PBXBuildFile; fileRef = 58E6E6E6113336D200B97529 /* OBUser.bridgesupport */; };
		58E6E7111133404C00B97529 /* OBAvatarGroup.m in Sources */ = {isa = PBXBuildFile; fileRef = 58E6E7101133404C00B97529 /* OBAvatarGroup.m */; };
		58E6E8A51135E5BB00B97529 /* AboutWindowController.rb in Resources */ = {isa = PBXBuildFile; fileRef = 58E6E8A41135E5BB00B97529 /* AboutWindowController.rb */; };
		58FBAA09117A338A00D1D323 /* NSImage+MGCropExtensions.m in Sources */ = {isa = PBXBuildFile; fileRef = 58FBAA08117A338A00D1D323 /* NSImage+MGCropExtensions.m */; };
		8D11072B0486CEB800E47090 /* InfoPlist.strings in Resources */ = {isa = PBXBuildFile; fileRef = 089C165CFE840E0CC02AAC07 /* InfoPlist.strings */; };
		8D11072D0486CEB800E47090 /* main.m in Sources */ = {isa = PBXBuildFile; fileRef = 29B97316FDCFA39411CA2CEA /* main.m */; settings = {ATTRIBUTES = (); }; };
		8D11072F0486CEB800E47090 /* Cocoa.framework in Frameworks */ = {isa = PBXBuildFile; fileRef = 1058C7A1FEA54F0111CA2CBB /* Cocoa.framework */; };
/* End PBXBuildFile section */

/* Begin PBXCopyFilesBuildPhase section */
		172754B4107597CF00D0347B /* CopyFiles */ = {
			isa = PBXCopyFilesBuildPhase;
			buildActionMask = 2147483647;
			dstPath = "";
			dstSubfolderSpec = 10;
			files = (
				583BA23112CB6D23002AD442 /* YAJL.framework in CopyFiles */,
				583420D2113003DA008938A9 /* Growl.framework in CopyFiles */,
				58E6E5771131D99100B97529 /* Sparkle.framework in CopyFiles */,
			);
			runOnlyForDeploymentPostprocessing = 0;
		};
/* End PBXCopyFilesBuildPhase section */

/* Begin PBXFileReference section */
		089C165DFE840E0CC02AAC07 /* English */ = {isa = PBXFileReference; fileEncoding = 10; lastKnownFileType = text.plist.strings; name = English; path = English.lproj/InfoPlist.strings; sourceTree = "<group>"; };
		1058C7A1FEA54F0111CA2CBB /* Cocoa.framework */ = {isa = PBXFileReference; lastKnownFileType = wrapper.framework; name = Cocoa.framework; path = /System/Library/Frameworks/Cocoa.framework; sourceTree = "<absolute>"; };
		13E42FB307B3F0F600E4EEF1 /* CoreData.framework */ = {isa = PBXFileReference; lastKnownFileType = wrapper.framework; name = CoreData.framework; path = /System/Library/Frameworks/CoreData.framework; sourceTree = "<absolute>"; };
		172754D5107598EA00D0347B /* stub_test.rb */ = {isa = PBXFileReference; fileEncoding = 4; lastKnownFileType = text.script.ruby; path = stub_test.rb; sourceTree = "<group>"; };
		17D55CD81076A1A2008207BD /* run_suite.rb */ = {isa = PBXFileReference; fileEncoding = 4; lastKnownFileType = text.script.ruby; path = run_suite.rb; sourceTree = "<group>"; };
		29B97316FDCFA39411CA2CEA /* main.m */ = {isa = PBXFileReference; fileEncoding = 4; lastKnownFileType = sourcecode.c.objc; path = main.m; sourceTree = "<group>"; };
		29B97324FDCFA39411CA2CEA /* AppKit.framework */ = {isa = PBXFileReference; lastKnownFileType = wrapper.framework; name = AppKit.framework; path = /System/Library/Frameworks/AppKit.framework; sourceTree = "<absolute>"; };
		29B97325FDCFA39411CA2CEA /* Foundation.framework */ = {isa = PBXFileReference; lastKnownFileType = wrapper.framework; name = Foundation.framework; path = /System/Library/Frameworks/Foundation.framework; sourceTree = "<absolute>"; };
		4DE339F60D74FCDD00ADB6EE /* rb_main.rb */ = {isa = PBXFileReference; fileEncoding = 4; lastKnownFileType = text.script.ruby; path = rb_main.rb; sourceTree = "<group>"; };
		580A6D2E127F2A060078439A /* MessageTextView.h */ = {isa = PBXFileReference; fileEncoding = 4; lastKnownFileType = sourcecode.c.h; path = MessageTextView.h; sourceTree = "<group>"; };
		580A6D2F127F2A060078439A /* MessageTextView.m */ = {isa = PBXFileReference; fileEncoding = 4; lastKnownFileType = sourcecode.c.objc; path = MessageTextView.m; sourceTree = "<group>"; };
		580A6D39127F310F0078439A /* AvatarView.h */ = {isa = PBXFileReference; fileEncoding = 4; lastKnownFileType = sourcecode.c.h; path = AvatarView.h; sourceTree = "<group>"; };
		580A6D3A127F310F0078439A /* AvatarView.m */ = {isa = PBXFileReference; fileEncoding = 4; lastKnownFileType = sourcecode.c.objc; path = AvatarView.m; sourceTree = "<group>"; };
		580A6D44127F32AF0078439A /* MessagePictureView.h */ = {isa = PBXFileReference; fileEncoding = 4; lastKnownFileType = sourcecode.c.h; path = MessagePictureView.h; sourceTree = "<group>"; };
		580A6D45127F32AF0078439A /* MessagePictureView.m */ = {isa = PBXFileReference; fileEncoding = 4; lastKnownFileType = sourcecode.c.objc; path = MessagePictureView.m; sourceTree = "<group>"; };
		580A6F9F127F5E390078439A /* MessageCell.h */ = {isa = PBXFileReference; fileEncoding = 4; lastKnownFileType = sourcecode.c.h; path = MessageCell.h; sourceTree = "<group>"; };
		580A6FA0127F5E390078439A /* MessageCell.m */ = {isa = PBXFileReference; fileEncoding = 4; lastKnownFileType = sourcecode.c.objc; path = MessageCell.m; sourceTree = "<group>"; };
		581805A01138516600A61784 /* OBUser.rb */ = {isa = PBXFileReference; fileEncoding = 4; lastKnownFileType = text.script.ruby; path = OBUser.rb; sourceTree = "<group>"; };
		5821055D11178FB00025DAF4 /* OBAccount.h */ = {isa = PBXFileReference; fileEncoding = 4; lastKnownFileType = sourcecode.c.h; path = OBAccount.h; sourceTree = "<group>"; };
		5821055E11178FB00025DAF4 /* OBAccount.m */ = {isa = PBXFileReference; fileEncoding = 4; lastKnownFileType = sourcecode.c.objc; path = OBAccount.m; sourceTree = "<group>"; };
		5821055F11178FB00025DAF4 /* OBConnector.h */ = {isa = PBXFileReference; fileEncoding = 4; lastKnownFileType = sourcecode.c.h; path = OBConnector.h; sourceTree = "<group>"; };
		5821056011178FB00025DAF4 /* OBConnector.m */ = {isa = PBXFileReference; fileEncoding = 4; lastKnownFileType = sourcecode.c.objc; path = OBConnector.m; sourceTree = "<group>"; };
		5821056111178FB00025DAF4 /* OBDashboardMonitor.h */ = {isa = PBXFileReference; fileEncoding = 4; lastKnownFileType = sourcecode.c.h; path = OBDashboardMonitor.h; sourceTree = "<group>"; };
		5821056211178FB00025DAF4 /* OBDashboardMonitor.m */ = {isa = PBXFileReference; fileEncoding = 4; lastKnownFileType = sourcecode.c.objc; path = OBDashboardMonitor.m; sourceTree = "<group>"; };
		5821056311178FB00025DAF4 /* OBMessage.h */ = {isa = PBXFileReference; fileEncoding = 4; lastKnownFileType = sourcecode.c.h; path = OBMessage.h; sourceTree = "<group>"; };
		5821056411178FB00025DAF4 /* OBMessage.m */ = {isa = PBXFileReference; fileEncoding = 4; lastKnownFileType = sourcecode.c.objc; path = OBMessage.m; sourceTree = "<group>"; };
		5821056D11178FB00025DAF4 /* OBUtils.h */ = {isa = PBXFileReference; fileEncoding = 4; lastKnownFileType = sourcecode.c.h; path = OBUtils.h; sourceTree = "<group>"; };
		5821058A11178FB00025DAF4 /* ObjectiveBlip.h */ = {isa = PBXFileReference; fileEncoding = 4; lastKnownFileType = sourcecode.c.h; path = ObjectiveBlip.h; sourceTree = "<group>"; };
		582105BA111793B60025DAF4 /* libz.1.2.3.dylib */ = {isa = PBXFileReference; lastKnownFileType = "compiled.mach-o.dylib"; name = libz.1.2.3.dylib; path = usr/lib/libz.1.2.3.dylib; sourceTree = SDKROOT; };
		582105C0111793C20025DAF4 /* SystemConfiguration.framework */ = {isa = PBXFileReference; lastKnownFileType = wrapper.framework; name = SystemConfiguration.framework; path = System/Library/Frameworks/SystemConfiguration.framework; sourceTree = SDKROOT; };
		58230493117F23550076AFB6 /* English */ = {isa = PBXFileReference; fileEncoding = 4; lastKnownFileType = text.plist.strings; name = English; path = English.lproj/Localizable.strings; sourceTree = "<group>"; };
		58230497117F23620076AFB6 /* Polish */ = {isa = PBXFileReference; lastKnownFileType = text.plist.strings; name = Polish; path = Polish.lproj/Localizable.strings; sourceTree = "<group>"; };
		58230499117F23960076AFB6 /* Polish */ = {isa = PBXFileReference; lastKnownFileType = file.xib; name = Polish; path = Polish.lproj/LoginWindow.xib; sourceTree = "<group>"; };
		5823049A117F239D0076AFB6 /* Polish */ = {isa = PBXFileReference; lastKnownFileType = file.xib; name = Polish; path = Polish.lproj/MessageCell.xib; sourceTree = "<group>"; };
		5823049B117F23A40076AFB6 /* Polish */ = {isa = PBXFileReference; lastKnownFileType = file.xib; name = Polish; path = Polish.lproj/MainMenu.xib; sourceTree = "<group>"; };
		5823049C117F23AA0076AFB6 /* Polish */ = {isa = PBXFileReference; lastKnownFileType = file.xib; name = Polish; path = Polish.lproj/MainWindow.xib; sourceTree = "<group>"; };
		5823049D117F23AF0076AFB6 /* Polish */ = {isa = PBXFileReference; lastKnownFileType = file.xib; name = Polish; path = Polish.lproj/NewMessageDialog.xib; sourceTree = "<group>"; };
		58341FEE112F1B44008938A9 /* BrowserController.rb */ = {isa = PBXFileReference; fileEncoding = 4; lastKnownFileType = text.script.ruby; path = BrowserController.rb; sourceTree = "<group>"; };
		583420A7112FFD31008938A9 /* Growl Registration Ticket.growlRegDict */ = {isa = PBXFileReference; fileEncoding = 4; lastKnownFileType = text.xml; path = "Growl Registration Ticket.growlRegDict"; sourceTree = "<group>"; };
		583420A81130031E008938A9 /* Growl.framework */ = {isa = PBXFileReference; lastKnownFileType = wrapper.framework; path = Growl.framework; sourceTree = "<group>"; };
		583421A3113043B8008938A9 /* OBUser.m */ = {isa = PBXFileReference; fileEncoding = 4; lastKnownFileType = sourcecode.c.objc; path = OBUser.m; sourceTree = "<group>"; };
		5834229211306A9F008938A9 /* English */ = {isa = PBXFileReference; lastKnownFileType = file.xib; name = English; path = English.lproj/NewMessageDialog.xib; sourceTree = "<group>"; };
		5834229711306E7E008938A9 /* NewMessageDialogController.rb */ = {isa = PBXFileReference; fileEncoding = 4; lastKnownFileType = text.script.ruby; path = NewMessageDialogController.rb; sourceTree = "<group>"; };
		583BAFC612D11216002AD442 /* Security.framework */ = {isa = PBXFileReference; lastKnownFileType = wrapper.framework; name = Security.framework; path = System/Library/Frameworks/Security.framework; sourceTree = SDKROOT; };
		583BB2C412D26D4D002AD442 /* ASIFormDataRequest.h */ = {isa = PBXFileReference; fileEncoding = 4; lastKnownFileType = sourcecode.c.h; path = ASIFormDataRequest.h; sourceTree = "<group>"; };
		583BB2C512D26D4D002AD442 /* ASIFormDataRequest.m */ = {isa = PBXFileReference; fileEncoding = 4; lastKnownFileType = sourcecode.c.objc; path = ASIFormDataRequest.m; sourceTree = "<group>"; };
		583BB2C612D26D4D002AD442 /* ASIHTTPRequest.h */ = {isa = PBXFileReference; fileEncoding = 4; lastKnownFileType = sourcecode.c.h; path = ASIHTTPRequest.h; sourceTree = "<group>"; };
		583BB2C712D26D4D002AD442 /* ASIHTTPRequest.m */ = {isa = PBXFileReference; fileEncoding = 4; lastKnownFileType = sourcecode.c.objc; path = ASIHTTPRequest.m; sourceTree = "<group>"; };
		583BB2C812D26D4D002AD442 /* ASIHTTPRequestConfig.h */ = {isa = PBXFileReference; fileEncoding = 4; lastKnownFileType = sourcecode.c.h; path = ASIHTTPRequestConfig.h; sourceTree = "<group>"; };
		583BB2C912D26D4D002AD442 /* ASIHTTPRequestDelegate.h */ = {isa = PBXFileReference; fileEncoding = 4; lastKnownFileType = sourcecode.c.h; path = ASIHTTPRequestDelegate.h; sourceTree = "<group>"; };
		583BB2CA12D26D4D002AD442 /* ASIInputStream.h */ = {isa = PBXFileReference; fileEncoding = 4; lastKnownFileType = sourcecode.c.h; path = ASIInputStream.h; sourceTree = "<group>"; };
		583BB2CB12D26D4D002AD442 /* ASIInputStream.m */ = {isa = PBXFileReference; fileEncoding = 4; lastKnownFileType = sourcecode.c.objc; path = ASIInputStream.m; sourceTree = "<group>"; };
		583BB2CC12D26D4D002AD442 /* ASINetworkQueue.h */ = {isa = PBXFileReference; fileEncoding = 4; lastKnownFileType = sourcecode.c.h; path = ASINetworkQueue.h; sourceTree = "<group>"; };
		583BB2CD12D26D4D002AD442 /* ASINetworkQueue.m */ = {isa = PBXFileReference; fileEncoding = 4; lastKnownFileType = sourcecode.c.objc; path = ASINetworkQueue.m; sourceTree = "<group>"; };
		583BB2CE12D26D4D002AD442 /* ASINSStringAdditions.h */ = {isa = PBXFileReference; fileEncoding = 4; lastKnownFileType = sourcecode.c.h; path = ASINSStringAdditions.h; sourceTree = "<group>"; };
		583BB2CF12D26D4D002AD442 /* ASINSStringAdditions.m */ = {isa = PBXFileReference; fileEncoding = 4; lastKnownFileType = sourcecode.c.objc; path = ASINSStringAdditions.m; sourceTree = "<group>"; };
		583BB2D012D26D4D002AD442 /* ASIProgressDelegate.h */ = {isa = PBXFileReference; fileEncoding = 4; lastKnownFileType = sourcecode.c.h; path = ASIProgressDelegate.h; sourceTree = "<group>"; };
		583BB2D512D26D4D002AD442 /* PSConstants.h */ = {isa = PBXFileReference; fileEncoding = 4; lastKnownFileType = sourcecode.c.h; path = PSConstants.h; sourceTree = "<group>"; };
		583BB2D612D26D4D002AD442 /* PSDependencies.h */ = {isa = PBXFileReference; fileEncoding = 4; lastKnownFileType = sourcecode.c.h; path = PSDependencies.h; sourceTree = "<group>"; };
		583BB2D712D26D4D002AD442 /* PSFoundationExtensions.h */ = {isa = PBXFileReference; fileEncoding = 4; lastKnownFileType = sourcecode.c.h; path = PSFoundationExtensions.h; sourceTree = "<group>"; };
		583BB2D812D26D4D002AD442 /* PSFoundationExtensions.m */ = {isa = PBXFileReference; fileEncoding = 4; lastKnownFileType = sourcecode.c.objc; path = PSFoundationExtensions.m; sourceTree = "<group>"; };
		583BB2D912D26D4D002AD442 /* PSIntArray.h */ = {isa = PBXFileReference; fileEncoding = 4; lastKnownFileType = sourcecode.c.h; path = PSIntArray.h; sourceTree = "<group>"; };
		583BB2DA12D26D4D002AD442 /* PSIntArray.m */ = {isa = PBXFileReference; fileEncoding = 4; lastKnownFileType = sourcecode.c.objc; path = PSIntArray.m; sourceTree = "<group>"; };
		583BB2DB12D26D4D002AD442 /* PSMacros.h */ = {isa = PBXFileReference; fileEncoding = 4; lastKnownFileType = sourcecode.c.h; path = PSMacros.h; sourceTree = "<group>"; };
		583BB2DC12D26D4D002AD442 /* PSModule.h */ = {isa = PBXFileReference; fileEncoding = 4; lastKnownFileType = sourcecode.c.h; path = PSModule.h; sourceTree = "<group>"; };
		583BB2DD12D26D4D002AD442 /* PSModule.m */ = {isa = PBXFileReference; fileEncoding = 4; lastKnownFileType = sourcecode.c.objc; path = PSModule.m; sourceTree = "<group>"; };
		583BB2DF12D26D4D002AD442 /* PSAccount.bridgesupport */ = {isa = PBXFileReference; fileEncoding = 4; lastKnownFileType = text.xml; path = PSAccount.bridgesupport; sourceTree = "<group>"; };
		583BB2E012D26D4D002AD442 /* PSCocoaExtensions.bridgesupport */ = {isa = PBXFileReference; fileEncoding = 4; lastKnownFileType = text.xml; path = PSCocoaExtensions.bridgesupport; sourceTree = "<group>"; };
		583BB2E112D26D4D002AD442 /* PSConnector.bridgesupport */ = {isa = PBXFileReference; fileEncoding = 4; lastKnownFileType = text.xml; path = PSConnector.bridgesupport; sourceTree = "<group>"; };
		583BB2E212D26D4D002AD442 /* PSConnectorAccount.bridgesupport */ = {isa = PBXFileReference; fileEncoding = 4; lastKnownFileType = text.xml; path = PSConnectorAccount.bridgesupport; sourceTree = "<group>"; };
		583BB2E312D26D4D002AD442 /* PSConnectorDelegate.bridgesupport */ = {isa = PBXFileReference; fileEncoding = 4; lastKnownFileType = text.xml; path = PSConnectorDelegate.bridgesupport; sourceTree = "<group>"; };
		583BB2E412D26D4D002AD442 /* PSConstants.bridgesupport */ = {isa = PBXFileReference; fileEncoding = 4; lastKnownFileType = text.xml; path = PSConstants.bridgesupport; sourceTree = "<group>"; };
		583BB2E512D26D4D002AD442 /* PSDependencies.bridgesupport */ = {isa = PBXFileReference; fileEncoding = 4; lastKnownFileType = text.xml; path = PSDependencies.bridgesupport; sourceTree = "<group>"; };
		583BB2E612D26D4D002AD442 /* PSFoundationExtensions.bridgesupport */ = {isa = PBXFileReference; fileEncoding = 4; lastKnownFileType = text.xml; path = PSFoundationExtensions.bridgesupport; sourceTree = "<group>"; };
		583BB2E712D26D4D002AD442 /* PSIntArray.bridgesupport */ = {isa = PBXFileReference; fileEncoding = 4; lastKnownFileType = text.xml; path = PSIntArray.bridgesupport; sourceTree = "<group>"; };
		583BB2E812D26D4D002AD442 /* PsiToolkit.bridgesupport */ = {isa = PBXFileReference; fileEncoding = 4; lastKnownFileType = text.xml; path = PsiToolkit.bridgesupport; sourceTree = "<group>"; };
		583BB2E912D26D4D002AD442 /* PSMacros.bridgesupport */ = {isa = PBXFileReference; fileEncoding = 4; lastKnownFileType = text.xml; path = PSMacros.bridgesupport; sourceTree = "<group>"; };
		583BB2EA12D26D4D002AD442 /* PSModel.bridgesupport */ = {isa = PBXFileReference; fileEncoding = 4; lastKnownFileType = text.xml; path = PSModel.bridgesupport; sourceTree = "<group>"; };
		583BB2EB12D26D4D002AD442 /* PSModelManager.bridgesupport */ = {isa = PBXFileReference; fileEncoding = 4; lastKnownFileType = text.xml; path = PSModelManager.bridgesupport; sourceTree = "<group>"; };
		583BB2EC12D26D4D002AD442 /* PSPathBuilder.bridgesupport */ = {isa = PBXFileReference; fileEncoding = 4; lastKnownFileType = text.xml; path = PSPathBuilder.bridgesupport; sourceTree = "<group>"; };
		583BB2ED12D26D4D002AD442 /* PSRequest.bridgesupport */ = {isa = PBXFileReference; fileEncoding = 4; lastKnownFileType = text.xml; path = PSRequest.bridgesupport; sourceTree = "<group>"; };
		583BB2EE12D26D4D002AD442 /* PSResponse.bridgesupport */ = {isa = PBXFileReference; fileEncoding = 4; lastKnownFileType = text.xml; path = PSResponse.bridgesupport; sourceTree = "<group>"; };
		583BB2EF12D26D4D002AD442 /* PSRestRouter.bridgesupport */ = {isa = PBXFileReference; fileEncoding = 4; lastKnownFileType = text.xml; path = PSRestRouter.bridgesupport; sourceTree = "<group>"; };
		583BB2F012D26D4D002AD442 /* PSRouter.bridgesupport */ = {isa = PBXFileReference; fileEncoding = 4; lastKnownFileType = text.xml; path = PSRouter.bridgesupport; sourceTree = "<group>"; };
		583BB2F112D26D4D002AD442 /* PSSecurityExtensions.bridgesupport */ = {isa = PBXFileReference; fileEncoding = 4; lastKnownFileType = text.xml; path = PSSecurityExtensions.bridgesupport; sourceTree = "<group>"; };
		583BB2F312D26D4D002AD442 /* PSCocoaExtensions.h */ = {isa = PBXFileReference; fileEncoding = 4; lastKnownFileType = sourcecode.c.h; path = PSCocoaExtensions.h; sourceTree = "<group>"; };
		583BB2F412D26D4D002AD442 /* PSCocoaExtensions.m */ = {isa = PBXFileReference; fileEncoding = 4; lastKnownFileType = sourcecode.c.objc; path = PSCocoaExtensions.m; sourceTree = "<group>"; };
		583BB2F812D26D4D002AD442 /* PSAccount.h */ = {isa = PBXFileReference; fileEncoding = 4; lastKnownFileType = sourcecode.c.h; path = PSAccount.h; sourceTree = "<group>"; };
		583BB2F912D26D4D002AD442 /* PSAccount.m */ = {isa = PBXFileReference; fileEncoding = 4; lastKnownFileType = sourcecode.c.objc; path = PSAccount.m; sourceTree = "<group>"; };
		583BB2FA12D26D4D002AD442 /* PSModel.h */ = {isa = PBXFileReference; fileEncoding = 4; lastKnownFileType = sourcecode.c.h; path = PSModel.h; sourceTree = "<group>"; };
		583BB2FB12D26D4D002AD442 /* PSModel.m */ = {isa = PBXFileReference; fileEncoding = 4; lastKnownFileType = sourcecode.c.objc; path = PSModel.m; sourceTree = "<group>"; };
		583BB2FC12D26D4D002AD442 /* PSModelManager.h */ = {isa = PBXFileReference; fileEncoding = 4; lastKnownFileType = sourcecode.c.h; path = PSModelManager.h; sourceTree = "<group>"; };
		583BB2FD12D26D4D002AD442 /* PSModelManager.m */ = {isa = PBXFileReference; fileEncoding = 4; lastKnownFileType = sourcecode.c.objc; path = PSModelManager.m; sourceTree = "<group>"; };
		583BB2FF12D26D4D002AD442 /* PSConnector.h */ = {isa = PBXFileReference; fileEncoding = 4; lastKnownFileType = sourcecode.c.h; path = PSConnector.h; sourceTree = "<group>"; };
		583BB30012D26D4D002AD442 /* PSConnector.m */ = {isa = PBXFileReference; fileEncoding = 4; lastKnownFileType = sourcecode.c.objc; path = PSConnector.m; sourceTree = "<group>"; };
		583BB30112D26D4D002AD442 /* PSConnectorAccount.h */ = {isa = PBXFileReference; fileEncoding = 4; lastKnownFileType = sourcecode.c.h; path = PSConnectorAccount.h; sourceTree = "<group>"; };
		583BB30212D26D4D002AD442 /* PSConnectorDelegate.h */ = {isa = PBXFileReference; fileEncoding = 4; lastKnownFileType = sourcecode.c.h; path = PSConnectorDelegate.h; sourceTree = "<group>"; };
		583BB30312D26D4D002AD442 /* PSPathBuilder.h */ = {isa = PBXFileReference; fileEncoding = 4; lastKnownFileType = sourcecode.c.h; path = PSPathBuilder.h; sourceTree = "<group>"; };
		583BB30412D26D4D002AD442 /* PSPathBuilder.m */ = {isa = PBXFileReference; fileEncoding = 4; lastKnownFileType = sourcecode.c.objc; path = PSPathBuilder.m; sourceTree = "<group>"; };
		583BB30512D26D4D002AD442 /* PSRequest.h */ = {isa = PBXFileReference; fileEncoding = 4; lastKnownFileType = sourcecode.c.h; path = PSRequest.h; sourceTree = "<group>"; };
		583BB30612D26D4D002AD442 /* PSRequest.m */ = {isa = PBXFileReference; fileEncoding = 4; lastKnownFileType = sourcecode.c.objc; path = PSRequest.m; sourceTree = "<group>"; };
		583BB30712D26D4D002AD442 /* PSResponse.h */ = {isa = PBXFileReference; fileEncoding = 4; lastKnownFileType = sourcecode.c.h; path = PSResponse.h; sourceTree = "<group>"; };
		583BB30812D26D4D002AD442 /* PSResponse.m */ = {isa = PBXFileReference; fileEncoding = 4; lastKnownFileType = sourcecode.c.objc; path = PSResponse.m; sourceTree = "<group>"; };
		583BB30912D26D4D002AD442 /* PSRestRouter.h */ = {isa = PBXFileReference; fileEncoding = 4; lastKnownFileType = sourcecode.c.h; path = PSRestRouter.h; sourceTree = "<group>"; };
		583BB30A12D26D4D002AD442 /* PSRestRouter.m */ = {isa = PBXFileReference; fileEncoding = 4; lastKnownFileType = sourcecode.c.objc; path = PSRestRouter.m; sourceTree = "<group>"; };
		583BB30B12D26D4D002AD442 /* PSRouter.h */ = {isa = PBXFileReference; fileEncoding = 4; lastKnownFileType = sourcecode.c.h; path = PSRouter.h; sourceTree = "<group>"; };
		583BB30C12D26D4D002AD442 /* PsiToolkit.h */ = {isa = PBXFileReference; fileEncoding = 4; lastKnownFileType = sourcecode.c.h; path = PsiToolkit.h; sourceTree = "<group>"; };
		583BB30F12D26D4D002AD442 /* PSSecurityExtensions.h */ = {isa = PBXFileReference; fileEncoding = 4; lastKnownFileType = sourcecode.c.h; path = PSSecurityExtensions.h; sourceTree = "<group>"; };
		583BB31012D26D4D002AD442 /* PSSecurityExtensions.m */ = {isa = PBXFileReference; fileEncoding = 4; lastKnownFileType = sourcecode.c.objc; path = PSSecurityExtensions.m; sourceTree = "<group>"; };
		583BB31112D26D4D002AD442 /* SDKeychain.h */ = {isa = PBXFileReference; fileEncoding = 4; lastKnownFileType = sourcecode.c.h; path = SDKeychain.h; sourceTree = "<group>"; };
		583BB31212D26D4D002AD442 /* SDKeychain.m */ = {isa = PBXFileReference; fileEncoding = 4; lastKnownFileType = sourcecode.c.objc; path = SDKeychain.m; sourceTree = "<group>"; };
		583BB31312D26D4D002AD442 /* SFHFKeychainUtils.h */ = {isa = PBXFileReference; fileEncoding = 4; lastKnownFileType = sourcecode.c.h; path = SFHFKeychainUtils.h; sourceTree = "<group>"; };
		583BB31412D26D4D002AD442 /* SFHFKeychainUtils.m */ = {isa = PBXFileReference; fileEncoding = 4; lastKnownFileType = sourcecode.c.objc; path = SFHFKeychainUtils.m; sourceTree = "<group>"; };
		583BB31612D26D4D002AD442 /* PSUIExtensions.h */ = {isa = PBXFileReference; fileEncoding = 4; lastKnownFileType = sourcecode.c.h; path = PSUIExtensions.h; sourceTree = "<group>"; };
		583BB31712D26D4D002AD442 /* PSUIExtensions.m */ = {isa = PBXFileReference; fileEncoding = 4; lastKnownFileType = sourcecode.c.objc; path = PSUIExtensions.m; sourceTree = "<group>"; };
		585A9238111B66FA003ABD05 /* ApplicationDelegate.rb */ = {isa = PBXFileReference; fileEncoding = 4; lastKnownFileType = text.script.ruby; path = ApplicationDelegate.rb; sourceTree = "<group>"; };
		585A923D111B674D003ABD05 /* MainWindowController.rb */ = {isa = PBXFileReference; fileEncoding = 4; lastKnownFileType = text.script.ruby; path = MainWindowController.rb; sourceTree = "<group>"; };
		585A92AA111B7003003ABD05 /* English */ = {isa = PBXFileReference; lastKnownFileType = file.xib; name = English; path = English.lproj/MainWindow.xib; sourceTree = "<group>"; };
		585A92AF111B7060003ABD05 /* English */ = {isa = PBXFileReference; lastKnownFileType = file.xib; name = English; path = English.lproj/MainMenu.xib; sourceTree = "<group>"; };
		5871629A12B4EDA900830147 /* OBShortLink.h */ = {isa = PBXFileReference; fileEncoding = 4; lastKnownFileType = sourcecode.c.h; path = OBShortLink.h; sourceTree = "<group>"; };
		5871629B12B4EDA900830147 /* OBShortLink.m */ = {isa = PBXFileReference; fileEncoding = 4; lastKnownFileType = sourcecode.c.objc; path = OBShortLink.m; sourceTree = "<group>"; };
		5871629C12B4EDA900830147 /* OBUser.h */ = {isa = PBXFileReference; fileEncoding = 4; lastKnownFileType = sourcecode.c.h; path = OBUser.h; sourceTree = "<group>"; };
		5872F23312CA7F3700162208 /* MacBlip_Prefix.pch */ = {isa = PBXFileReference; fileEncoding = 4; lastKnownFileType = sourcecode.c.h; path = MacBlip_Prefix.pch; sourceTree = "<group>"; };
		5872F27A12CA806500162208 /* YAJL.framework */ = {isa = PBXFileReference; lastKnownFileType = wrapper.framework; path = YAJL.framework; sourceTree = "<group>"; };
		5883BD9C113D832C00F72D34 /* macblip_icon_80.png */ = {isa = PBXFileReference; lastKnownFileType = image.png; path = macblip_icon_80.png; sourceTree = "<group>"; };
		5897EF461129C3750029B4D9 /* MacRuby.framework */ = {isa = PBXFileReference; lastKnownFileType = wrapper.framework; name = MacRuby.framework; path = Library/Frameworks/MacRuby.framework; sourceTree = SDKROOT; };
		5897EFA41129C9530029B4D9 /* SDKVO.h */ = {isa = PBXFileReference; fileEncoding = 4; lastKnownFileType = sourcecode.c.h; path = SDKVO.h; sourceTree = "<group>"; };
		5897EFA51129C9530029B4D9 /* SDKVO.m */ = {isa = PBXFileReference; fileEncoding = 4; lastKnownFileType = sourcecode.c.objc; path = SDKVO.m; sourceTree = "<group>"; };
		5897EFA81129C9530029B4D9 /* SDListView+Private.h */ = {isa = PBXFileReference; fileEncoding = 4; lastKnownFileType = sourcecode.c.h; path = "SDListView+Private.h"; sourceTree = "<group>"; };
		5897EFA91129C9530029B4D9 /* SDListView.h */ = {isa = PBXFileReference; fileEncoding = 4; lastKnownFileType = sourcecode.c.h; path = SDListView.h; sourceTree = "<group>"; };
		5897EFAA1129C9530029B4D9 /* SDListView.m */ = {isa = PBXFileReference; fileEncoding = 4; lastKnownFileType = sourcecode.c.objc; path = SDListView.m; sourceTree = "<group>"; };
		5897EFAB1129C9530029B4D9 /* SDListViewItem+Private.h */ = {isa = PBXFileReference; fileEncoding = 4; lastKnownFileType = sourcecode.c.h; path = "SDListViewItem+Private.h"; sourceTree = "<group>"; };
		5897EFAC1129C9530029B4D9 /* SDListViewItem.h */ = {isa = PBXFileReference; fileEncoding = 4; lastKnownFileType = sourcecode.c.h; path = SDListViewItem.h; sourceTree = "<group>"; };
		5897EFAD1129C9530029B4D9 /* SDListViewItem.m */ = {isa = PBXFileReference; fileEncoding = 4; lastKnownFileType = sourcecode.c.objc; path = SDListViewItem.m; sourceTree = "<group>"; };
		5897EFBC1129C9E90029B4D9 /* Quartz.framework */ = {isa = PBXFileReference; lastKnownFileType = wrapper.framework; name = Quartz.framework; path = System/Library/Frameworks/Quartz.framework; sourceTree = SDKROOT; };
		5897F02F112C76650029B4D9 /* MessageCellController.rb */ = {isa = PBXFileReference; fileEncoding = 4; lastKnownFileType = text.script.ruby; path = MessageCellController.rb; sourceTree = "<group>"; };
		5897F032112C766F0029B4D9 /* English */ = {isa = PBXFileReference; lastKnownFileType = file.xib; name = English; path = English.lproj/MessageCell.xib; sourceTree = "<group>"; };
		5897F1B7112DDD5D0029B4D9 /* Constants.bridgesupport */ = {isa = PBXFileReference; fileEncoding = 4; lastKnownFileType = text.xml; path = Constants.bridgesupport; sourceTree = "<group>"; };
		5897F1B8112DDD5D0029B4D9 /* OBAccount.bridgesupport */ = {isa = PBXFileReference; fileEncoding = 4; lastKnownFileType = text.xml; path = OBAccount.bridgesupport; sourceTree = "<group>"; };
		5897F1B9112DDD5D0029B4D9 /* OBConnector.bridgesupport */ = {isa = PBXFileReference; fileEncoding = 4; lastKnownFileType = text.xml; path = OBConnector.bridgesupport; sourceTree = "<group>"; };
		5897F1BA112DDD5D0029B4D9 /* OBDashboardMonitor.bridgesupport */ = {isa = PBXFileReference; fileEncoding = 4; lastKnownFileType = text.xml; path = OBDashboardMonitor.bridgesupport; sourceTree = "<group>"; };
		5897F1BB112DDD5D0029B4D9 /* ObjectiveBlip.bridgesupport */ = {isa = PBXFileReference; fileEncoding = 4; lastKnownFileType = text.xml; path = ObjectiveBlip.bridgesupport; sourceTree = "<group>"; };
		5897F1BC112DDD5D0029B4D9 /* OBMessage.bridgesupport */ = {isa = PBXFileReference; fileEncoding = 4; lastKnownFileType = text.xml; path = OBMessage.bridgesupport; sourceTree = "<group>"; };
		5897F1BF112DDD5D0029B4D9 /* OBRequest.bridgesupport */ = {isa = PBXFileReference; fileEncoding = 4; lastKnownFileType = text.xml; path = OBRequest.bridgesupport; sourceTree = "<group>"; };
		5897F1CD112DDE4A0029B4D9 /* LoginWindowController.rb */ = {isa = PBXFileReference; fileEncoding = 4; lastKnownFileType = text.script.ruby; path = LoginWindowController.rb; sourceTree = "<group>"; };
		5897F1CF112DDE5B0029B4D9 /* Extensions.rb */ = {isa = PBXFileReference; fileEncoding = 4; lastKnownFileType = text.script.ruby; path = Extensions.rb; sourceTree = "<group>"; };
		5897F1D5112DDE850029B4D9 /* English */ = {isa = PBXFileReference; lastKnownFileType = file.xib; name = English; path = English.lproj/LoginWindow.xib; sourceTree = "<group>"; };
		5897F1FB112DE9060029B4D9 /* macblip_icon.icns */ = {isa = PBXFileReference; lastKnownFileType = image.icns; path = macblip_icon.icns; sourceTree = "<group>"; };
		5897F20B112DEBEC0029B4D9 /* home.png */ = {isa = PBXFileReference; lastKnownFileType = image.png; path = home.png; sourceTree = "<group>"; };
		5897F20D112DED5D0029B4D9 /* new_message.png */ = {isa = PBXFileReference; lastKnownFileType = image.png; path = new_message.png; sourceTree = "<group>"; };
		589B867312B50D4F00516FA2 /* ajax-loader.gif */ = {isa = PBXFileReference; lastKnownFileType = image.gif; path = "ajax-loader.gif"; sourceTree = "<group>"; };
		589B878D12B52DEE00516FA2 /* LinkExpander.rb */ = {isa = PBXFileReference; fileEncoding = 4; lastKnownFileType = text.script.ruby; path = LinkExpander.rb; sourceTree = "<group>"; };
		589B88D912B5591E00516FA2 /* English */ = {isa = PBXFileReference; lastKnownFileType = text.html; name = English; path = English.lproj/Credits.html; sourceTree = "<group>"; };
		589B893812B56B8200516FA2 /* Polish */ = {isa = PBXFileReference; lastKnownFileType = text.html; name = Polish; path = Polish.lproj/Credits.html; sourceTree = "<group>"; };
		589CDF87119F007000B1F64D /* WarningBar.rb */ = {isa = PBXFileReference; fileEncoding = 4; lastKnownFileType = text.script.ruby; path = WarningBar.rb; sourceTree = "<group>"; };
		589CDFF4119F08E100B1F64D /* error.png */ = {isa = PBXFileReference; lastKnownFileType = image.png; path = error.png; sourceTree = "<group>"; };
		589CDFF5119F08E100B1F64D /* warning.png */ = {isa = PBXFileReference; lastKnownFileType = image.png; path = warning.png; sourceTree = "<group>"; };
		58A25DF7117DE51100784901 /* QLPreviewPanel.bridgesupport */ = {isa = PBXFileReference; fileEncoding = 4; lastKnownFileType = text.xml; path = QLPreviewPanel.bridgesupport; sourceTree = "<group>"; };
		58A25E10117DE5DB00784901 /* QuickLookPicture.rb */ = {isa = PBXFileReference; fileEncoding = 4; lastKnownFileType = text.script.ruby; path = QuickLookPicture.rb; sourceTree = "<group>"; };
		58AEE89911A5AB8A00612211 /* FilesController.rb */ = {isa = PBXFileReference; fileEncoding = 4; lastKnownFileType = text.script.ruby; path = FilesController.rb; sourceTree = "<group>"; };
		58AEE8E611A5BB0000612211 /* ASIHTTPRequestDelegate.bridgesupport */ = {isa = PBXFileReference; fileEncoding = 4; lastKnownFileType = text.xml; path = ASIHTTPRequestDelegate.bridgesupport; sourceTree = "<group>"; };
		58AEE8E711A5BB0000612211 /* ASIProgressDelegate.bridgesupport */ = {isa = PBXFileReference; fileEncoding = 4; lastKnownFileType = text.xml; path = ASIProgressDelegate.bridgesupport; sourceTree = "<group>"; };
		58AEE8E811A5BB0000612211 /* OBAvatarGroup.bridgesupport */ = {isa = PBXFileReference; fileEncoding = 4; lastKnownFileType = text.xml; path = OBAvatarGroup.bridgesupport; sourceTree = "<group>"; };
		58E6E3FD113183B300B97529 /* HumanReadableDateFormatter.rb */ = {isa = PBXFileReference; fileEncoding = 4; lastKnownFileType = text.script.ruby; path = HumanReadableDateFormatter.rb; sourceTree = "<group>"; };
		58E6E3FE113183B300B97529 /* OBMessage.rb */ = {isa = PBXFileReference; fileEncoding = 4; lastKnownFileType = text.script.ruby; path = OBMessage.rb; sourceTree = "<group>"; };
		58E6E4B11131C55B00B97529 /* TweetieLikeScroller.rb */ = {isa = PBXFileReference; fileEncoding = 4; lastKnownFileType = text.script.ruby; path = TweetieLikeScroller.rb; sourceTree = "<group>"; };
		58E6E5731131D98000B97529 /* Sparkle.framework */ = {isa = PBXFileReference; lastKnownFileType = wrapper.framework; path = Sparkle.framework; sourceTree = "<group>"; };
		58E6E59C1131E3FA00B97529 /* sparkle_pub_key.pem */ = {isa = PBXFileReference; fileEncoding = 4; lastKnownFileType = text; path = sparkle_pub_key.pem; sourceTree = "<group>"; };
		58E6E6E0113336D200B97529 /* ASIFormDataRequest.bridgesupport */ = {isa = PBXFileReference; fileEncoding = 4; lastKnownFileType = text.xml; path = ASIFormDataRequest.bridgesupport; sourceTree = "<group>"; };
		58E6E6E1113336D200B97529 /* ASIHTTPRequest.bridgesupport */ = {isa = PBXFileReference; fileEncoding = 4; lastKnownFileType = text.xml; path = ASIHTTPRequest.bridgesupport; sourceTree = "<group>"; };
		58E6E6E2113336D200B97529 /* ASIHTTPRequestConfig.bridgesupport */ = {isa = PBXFileReference; fileEncoding = 4; lastKnownFileType = text.xml; path = ASIHTTPRequestConfig.bridgesupport; sourceTree = "<group>"; };
		58E6E6E3113336D200B97529 /* ASIInputStream.bridgesupport */ = {isa = PBXFileReference; fileEncoding = 4; lastKnownFileType = text.xml; path = ASIInputStream.bridgesupport; sourceTree = "<group>"; };
		58E6E6E4113336D200B97529 /* ASINetworkQueue.bridgesupport */ = {isa = PBXFileReference; fileEncoding = 4; lastKnownFileType = text.xml; path = ASINetworkQueue.bridgesupport; sourceTree = "<group>"; };
		58E6E6E5113336D200B97529 /* ASINSStringAdditions.bridgesupport */ = {isa = PBXFileReference; fileEncoding = 4; lastKnownFileType = text.xml; path = ASINSStringAdditions.bridgesupport; sourceTree = "<group>"; };
		58E6E6E6113336D200B97529 /* OBUser.bridgesupport */ = {isa = PBXFileReference; fileEncoding = 4; lastKnownFileType = text.xml; path = OBUser.bridgesupport; sourceTree = "<group>"; };
		58E6E70F1133404C00B97529 /* OBAvatarGroup.h */ = {isa = PBXFileReference; fileEncoding = 4; lastKnownFileType = sourcecode.c.h; path = OBAvatarGroup.h; sourceTree = "<group>"; };
		58E6E7101133404C00B97529 /* OBAvatarGroup.m */ = {isa = PBXFileReference; fileEncoding = 4; lastKnownFileType = sourcecode.c.objc; path = OBAvatarGroup.m; sourceTree = "<group>"; };
		58E6E8A41135E5BB00B97529 /* AboutWindowController.rb */ = {isa = PBXFileReference; fileEncoding = 4; lastKnownFileType = text.script.ruby; path = AboutWindowController.rb; sourceTree = "<group>"; };
		58FBAA07117A338A00D1D323 /* NSImage+MGCropExtensions.h */ = {isa = PBXFileReference; fileEncoding = 4; lastKnownFileType = sourcecode.c.h; path = "NSImage+MGCropExtensions.h"; sourceTree = "<group>"; };
		58FBAA08117A338A00D1D323 /* NSImage+MGCropExtensions.m */ = {isa = PBXFileReference; fileEncoding = 4; lastKnownFileType = sourcecode.c.objc; path = "NSImage+MGCropExtensions.m"; sourceTree = "<group>"; };
		8D1107310486CEB800E47090 /* Info.plist */ = {isa = PBXFileReference; fileEncoding = 4; lastKnownFileType = text.plist.xml; path = Info.plist; sourceTree = "<group>"; };
		8D1107320486CEB800E47090 /* MacBlip.app */ = {isa = PBXFileReference; explicitFileType = wrapper.application; includeInIndex = 0; path = MacBlip.app; sourceTree = BUILT_PRODUCTS_DIR; };
/* End PBXFileReference section */

/* Begin PBXFrameworksBuildPhase section */
		8D11072E0486CEB800E47090 /* Frameworks */ = {
			isa = PBXFrameworksBuildPhase;
			buildActionMask = 2147483647;
			files = (
				8D11072F0486CEB800E47090 /* Cocoa.framework in Frameworks */,
				582105BB111793B60025DAF4 /* libz.1.2.3.dylib in Frameworks */,
				582105C1111793C20025DAF4 /* SystemConfiguration.framework in Frameworks */,
				5897EF471129C3750029B4D9 /* MacRuby.framework in Frameworks */,
				5897EFBD1129C9E90029B4D9 /* Quartz.framework in Frameworks */,
				583420A91130031E008938A9 /* Growl.framework in Frameworks */,
				58E6E5741131D98000B97529 /* Sparkle.framework in Frameworks */,
				583BA55112CB9162002AD442 /* YAJL.framework in Frameworks */,
				583BAFC712D11216002AD442 /* Security.framework in Frameworks */,
			);
			runOnlyForDeploymentPostprocessing = 0;
		};
/* End PBXFrameworksBuildPhase section */

/* Begin PBXGroup section */
		1058C7A0FEA54F0111CA2CBB /* Linked Frameworks */ = {
			isa = PBXGroup;
			children = (
				1058C7A1FEA54F0111CA2CBB /* Cocoa.framework */,
				582105BA111793B60025DAF4 /* libz.1.2.3.dylib */,
				582105C0111793C20025DAF4 /* SystemConfiguration.framework */,
				5897EF461129C3750029B4D9 /* MacRuby.framework */,
				5897EFBC1129C9E90029B4D9 /* Quartz.framework */,
				583BAFC612D11216002AD442 /* Security.framework */,
			);
			name = "Linked Frameworks";
			sourceTree = "<group>";
		};
		1058C7A2FEA54F0111CA2CBB /* Other Frameworks */ = {
			isa = PBXGroup;
			children = (
				29B97324FDCFA39411CA2CEA /* AppKit.framework */,
				13E42FB307B3F0F600E4EEF1 /* CoreData.framework */,
				29B97325FDCFA39411CA2CEA /* Foundation.framework */,
			);
			name = "Other Frameworks";
			sourceTree = "<group>";
		};
		172754AE1075979200D0347B /* Tests */ = {
			isa = PBXGroup;
			children = (
				172754D5107598EA00D0347B /* stub_test.rb */,
				17D55CD81076A1A2008207BD /* run_suite.rb */,
			);
			path = Tests;
			sourceTree = "<group>";
		};
		19C28FACFE9D520D11CA2CBB /* Products */ = {
			isa = PBXGroup;
			children = (
				8D1107320486CEB800E47090 /* MacBlip.app */,
			);
			name = Products;
			sourceTree = "<group>";
		};
		29B97314FDCFA39411CA2CEA /* MacBlip */ = {
			isa = PBXGroup;
			children = (
				58A25DF6117DE4F200784901 /* Bridges */,
				585A923A111B6708003ABD05 /* Controllers */,
				5897EFA11129C93C0029B4D9 /* Lib */,
				58341F9F112F0CFD008938A9 /* Models */,
				5821055B11178F990025DAF4 /* ObjectiveBlip */,
				29B97315FDCFA39411CA2CEA /* Other Sources */,
				29B97317FDCFA39411CA2CEA /* Resources */,
				29B97323FDCFA39411CA2CEA /* Frameworks */,
				19C28FACFE9D520D11CA2CBB /* Products */,
				172754AE1075979200D0347B /* Tests */,
				585A924F111B6831003ABD05 /* Views */,
			);
			name = MacBlip;
			sourceTree = "<group>";
		};
		29B97315FDCFA39411CA2CEA /* Other Sources */ = {
			isa = PBXGroup;
			children = (
				5897F1CF112DDE5B0029B4D9 /* Extensions.rb */,
				4DE339F60D74FCDD00ADB6EE /* rb_main.rb */,
				29B97316FDCFA39411CA2CEA /* main.m */,
				585A9238111B66FA003ABD05 /* ApplicationDelegate.rb */,
				5872F23312CA7F3700162208 /* MacBlip_Prefix.pch */,
			);
			name = "Other Sources";
			sourceTree = "<group>";
		};
		29B97317FDCFA39411CA2CEA /* Resources */ = {
			isa = PBXGroup;
			children = (
				58E6E5971131E3FA00B97529 /* Sparkle */,
				5897F1D1112DDE660029B4D9 /* Images */,
				8D1107310486CEB800E47090 /* Info.plist */,
				089C165CFE840E0CC02AAC07 /* InfoPlist.strings */,
				583420A7112FFD31008938A9 /* Growl Registration Ticket.growlRegDict */,
				58230495117F235C0076AFB6 /* Localizable.strings */,
				589B893412B56B5A00516FA2 /* Credits.html */,
			);
			name = Resources;
			sourceTree = "<group>";
		};
		29B97323FDCFA39411CA2CEA /* Frameworks */ = {
			isa = PBXGroup;
			children = (
				1058C7A0FEA54F0111CA2CBB /* Linked Frameworks */,
				1058C7A2FEA54F0111CA2CBB /* Other Frameworks */,
			);
			name = Frameworks;
			sourceTree = "<group>";
		};
		5821055B11178F990025DAF4 /* ObjectiveBlip */ = {
			isa = PBXGroup;
			children = (
				5897F1B6112DDD5D0029B4D9 /* Bridges */,
				5821055C11178FB00025DAF4 /* Classes */,
				5821056D11178FB00025DAF4 /* OBUtils.h */,
				5821058A11178FB00025DAF4 /* ObjectiveBlip.h */,
			);
			path = ObjectiveBlip;
			sourceTree = "<group>";
		};
		5821055C11178FB00025DAF4 /* Classes */ = {
			isa = PBXGroup;
			children = (
				5821055D11178FB00025DAF4 /* OBAccount.h */,
				5821055E11178FB00025DAF4 /* OBAccount.m */,
				58E6E70F1133404C00B97529 /* OBAvatarGroup.h */,
				58E6E7101133404C00B97529 /* OBAvatarGroup.m */,
				5821055F11178FB00025DAF4 /* OBConnector.h */,
				5821056011178FB00025DAF4 /* OBConnector.m */,
				5821056111178FB00025DAF4 /* OBDashboardMonitor.h */,
				5821056211178FB00025DAF4 /* OBDashboardMonitor.m */,
				5821056311178FB00025DAF4 /* OBMessage.h */,
				5821056411178FB00025DAF4 /* OBMessage.m */,
				5871629A12B4EDA900830147 /* OBShortLink.h */,
				5871629B12B4EDA900830147 /* OBShortLink.m */,
				5871629C12B4EDA900830147 /* OBUser.h */,
				583421A3113043B8008938A9 /* OBUser.m */,
			);
			path = Classes;
			sourceTree = "<group>";
		};
		58341F9F112F0CFD008938A9 /* Models */ = {
			isa = PBXGroup;
			children = (
				58A25E10117DE5DB00784901 /* QuickLookPicture.rb */,
				58E6E3FD113183B300B97529 /* HumanReadableDateFormatter.rb */,
				58E6E3FE113183B300B97529 /* OBMessage.rb */,
				581805A01138516600A61784 /* OBUser.rb */,
			);
			path = Models;
			sourceTree = "<group>";
		};
		583BB2C112D26D4D002AD442 /* ASIHTTPRequest */ = {
			isa = PBXGroup;
			children = (
				583BB2C412D26D4D002AD442 /* ASIFormDataRequest.h */,
				583BB2C512D26D4D002AD442 /* ASIFormDataRequest.m */,
				583BB2C612D26D4D002AD442 /* ASIHTTPRequest.h */,
				583BB2C712D26D4D002AD442 /* ASIHTTPRequest.m */,
				583BB2C812D26D4D002AD442 /* ASIHTTPRequestConfig.h */,
				583BB2C912D26D4D002AD442 /* ASIHTTPRequestDelegate.h */,
				583BB2CA12D26D4D002AD442 /* ASIInputStream.h */,
				583BB2CB12D26D4D002AD442 /* ASIInputStream.m */,
				583BB2CC12D26D4D002AD442 /* ASINetworkQueue.h */,
				583BB2CD12D26D4D002AD442 /* ASINetworkQueue.m */,
				583BB2CE12D26D4D002AD442 /* ASINSStringAdditions.h */,
				583BB2CF12D26D4D002AD442 /* ASINSStringAdditions.m */,
				583BB2D012D26D4D002AD442 /* ASIProgressDelegate.h */,
			);
			path = ASIHTTPRequest;
			sourceTree = "<group>";
		};
		583BB2D312D26D4D002AD442 /* PsiToolkit */ = {
			isa = PBXGroup;
			children = (
				583BB2D412D26D4D002AD442 /* Base */,
				583BB2DE12D26D4D002AD442 /* Bridges */,
				583BB2F212D26D4D002AD442 /* Cocoa */,
				583BB2F712D26D4D002AD442 /* Models */,
				583BB2FE12D26D4D002AD442 /* Network */,
				583BB30C12D26D4D002AD442 /* PsiToolkit.h */,
				583BB30E12D26D4D002AD442 /* Security */,
				583BB31512D26D4D002AD442 /* UIKit */,
			);
			path = PsiToolkit;
			sourceTree = "<group>";
		};
		583BB2D412D26D4D002AD442 /* Base */ = {
			isa = PBXGroup;
			children = (
				583BB2D512D26D4D002AD442 /* PSConstants.h */,
				583BB2D612D26D4D002AD442 /* PSDependencies.h */,
				583BB2D712D26D4D002AD442 /* PSFoundationExtensions.h */,
				583BB2D812D26D4D002AD442 /* PSFoundationExtensions.m */,
				583BB2D912D26D4D002AD442 /* PSIntArray.h */,
				583BB2DA12D26D4D002AD442 /* PSIntArray.m */,
				583BB2DB12D26D4D002AD442 /* PSMacros.h */,
				583BB2DC12D26D4D002AD442 /* PSModule.h */,
				583BB2DD12D26D4D002AD442 /* PSModule.m */,
			);
			path = Base;
			sourceTree = "<group>";
		};
		583BB2DE12D26D4D002AD442 /* Bridges */ = {
			isa = PBXGroup;
			children = (
				583BB2DF12D26D4D002AD442 /* PSAccount.bridgesupport */,
				583BB2E012D26D4D002AD442 /* PSCocoaExtensions.bridgesupport */,
				583BB2E112D26D4D002AD442 /* PSConnector.bridgesupport */,
				583BB2E212D26D4D002AD442 /* PSConnectorAccount.bridgesupport */,
				583BB2E312D26D4D002AD442 /* PSConnectorDelegate.bridgesupport */,
				583BB2E412D26D4D002AD442 /* PSConstants.bridgesupport */,
				583BB2E512D26D4D002AD442 /* PSDependencies.bridgesupport */,
				583BB2E612D26D4D002AD442 /* PSFoundationExtensions.bridgesupport */,
				583BB2E712D26D4D002AD442 /* PSIntArray.bridgesupport */,
				583BB2E812D26D4D002AD442 /* PsiToolkit.bridgesupport */,
				583BB2E912D26D4D002AD442 /* PSMacros.bridgesupport */,
				583BB2EA12D26D4D002AD442 /* PSModel.bridgesupport */,
				583BB2EB12D26D4D002AD442 /* PSModelManager.bridgesupport */,
				583BB2EC12D26D4D002AD442 /* PSPathBuilder.bridgesupport */,
				583BB2ED12D26D4D002AD442 /* PSRequest.bridgesupport */,
				583BB2EE12D26D4D002AD442 /* PSResponse.bridgesupport */,
				583BB2EF12D26D4D002AD442 /* PSRestRouter.bridgesupport */,
				583BB2F012D26D4D002AD442 /* PSRouter.bridgesupport */,
				583BB2F112D26D4D002AD442 /* PSSecurityExtensions.bridgesupport */,
			);
			path = Bridges;
			sourceTree = "<group>";
		};
		583BB2F212D26D4D002AD442 /* Cocoa */ = {
			isa = PBXGroup;
			children = (
				583BB2F312D26D4D002AD442 /* PSCocoaExtensions.h */,
				583BB2F412D26D4D002AD442 /* PSCocoaExtensions.m */,
			);
			path = Cocoa;
			sourceTree = "<group>";
		};
		583BB2F712D26D4D002AD442 /* Models */ = {
			isa = PBXGroup;
			children = (
				583BB2F812D26D4D002AD442 /* PSAccount.h */,
				583BB2F912D26D4D002AD442 /* PSAccount.m */,
				583BB2FA12D26D4D002AD442 /* PSModel.h */,
				583BB2FB12D26D4D002AD442 /* PSModel.m */,
				583BB2FC12D26D4D002AD442 /* PSModelManager.h */,
				583BB2FD12D26D4D002AD442 /* PSModelManager.m */,
			);
			path = Models;
			sourceTree = "<group>";
		};
		583BB2FE12D26D4D002AD442 /* Network */ = {
			isa = PBXGroup;
			children = (
				583BB2FF12D26D4D002AD442 /* PSConnector.h */,
				583BB30012D26D4D002AD442 /* PSConnector.m */,
				583BB30112D26D4D002AD442 /* PSConnectorAccount.h */,
				583BB30212D26D4D002AD442 /* PSConnectorDelegate.h */,
				583BB30312D26D4D002AD442 /* PSPathBuilder.h */,
				583BB30412D26D4D002AD442 /* PSPathBuilder.m */,
				583BB30512D26D4D002AD442 /* PSRequest.h */,
				583BB30612D26D4D002AD442 /* PSRequest.m */,
				583BB30712D26D4D002AD442 /* PSResponse.h */,
				583BB30812D26D4D002AD442 /* PSResponse.m */,
				583BB30912D26D4D002AD442 /* PSRestRouter.h */,
				583BB30A12D26D4D002AD442 /* PSRestRouter.m */,
				583BB30B12D26D4D002AD442 /* PSRouter.h */,
			);
			path = Network;
			sourceTree = "<group>";
		};
		583BB30E12D26D4D002AD442 /* Security */ = {
			isa = PBXGroup;
			children = (
				583BB30F12D26D4D002AD442 /* PSSecurityExtensions.h */,
				583BB31012D26D4D002AD442 /* PSSecurityExtensions.m */,
				583BB31112D26D4D002AD442 /* SDKeychain.h */,
				583BB31212D26D4D002AD442 /* SDKeychain.m */,
				583BB31312D26D4D002AD442 /* SFHFKeychainUtils.h */,
				583BB31412D26D4D002AD442 /* SFHFKeychainUtils.m */,
			);
			path = Security;
			sourceTree = "<group>";
		};
		583BB31512D26D4D002AD442 /* UIKit */ = {
			isa = PBXGroup;
			children = (
				583BB31612D26D4D002AD442 /* PSUIExtensions.h */,
				583BB31712D26D4D002AD442 /* PSUIExtensions.m */,
			);
			path = UIKit;
			sourceTree = "<group>";
		};
		585A923A111B6708003ABD05 /* Controllers */ = {
			isa = PBXGroup;
			children = (
				58E6E8A41135E5BB00B97529 /* AboutWindowController.rb */,
				58341FEE112F1B44008938A9 /* BrowserController.rb */,
				58AEE89911A5AB8A00612211 /* FilesController.rb */,
				589B878D12B52DEE00516FA2 /* LinkExpander.rb */,
				5897F1CD112DDE4A0029B4D9 /* LoginWindowController.rb */,
				5897F02F112C76650029B4D9 /* MessageCellController.rb */,
				585A923D111B674D003ABD05 /* MainWindowController.rb */,
				5834229711306E7E008938A9 /* NewMessageDialogController.rb */,
			);
			path = Controllers;
			sourceTree = "<group>";
		};
		585A924F111B6831003ABD05 /* Views */ = {
			isa = PBXGroup;
			children = (
				580A6D39127F310F0078439A /* AvatarView.h */,
				580A6D3A127F310F0078439A /* AvatarView.m */,
				5897F1D4112DDE850029B4D9 /* LoginWindow.xib */,
				5897F031112C766F0029B4D9 /* MessageCell.xib */,
				585A92AE111B7060003ABD05 /* MainMenu.xib */,
				585A92AC111B7011003ABD05 /* MainWindow.xib */,
				583422CC113083BA008938A9 /* NewMessageDialog.xib */,
				580A6F9F127F5E390078439A /* MessageCell.h */,
				580A6FA0127F5E390078439A /* MessageCell.m */,
				580A6D44127F32AF0078439A /* MessagePictureView.h */,
				580A6D45127F32AF0078439A /* MessagePictureView.m */,
				580A6D2E127F2A060078439A /* MessageTextView.h */,
				580A6D2F127F2A060078439A /* MessageTextView.m */,
				58E6E4B11131C55B00B97529 /* TweetieLikeScroller.rb */,
				589CDF87119F007000B1F64D /* WarningBar.rb */,
			);
			path = Views;
			sourceTree = "<group>";
		};
		5897EFA11129C93C0029B4D9 /* Lib */ = {
			isa = PBXGroup;
			children = (
				583BB2C112D26D4D002AD442 /* ASIHTTPRequest */,
				58FBAA06117A338A00D1D323 /* ImageCrop */,
				583BB2D312D26D4D002AD442 /* PsiToolkit */,
				5897EFA21129C9530029B4D9 /* SDKVO */,
				5897EFA61129C9530029B4D9 /* SDListView */,
				583420A81130031E008938A9 /* Growl.framework */,
				58E6E5731131D98000B97529 /* Sparkle.framework */,
				5872F27A12CA806500162208 /* YAJL.framework */,
			);
			path = Lib;
			sourceTree = "<group>";
		};
		5897EFA21129C9530029B4D9 /* SDKVO */ = {
			isa = PBXGroup;
			children = (
				5897EFA41129C9530029B4D9 /* SDKVO.h */,
				5897EFA51129C9530029B4D9 /* SDKVO.m */,
			);
			path = SDKVO;
			sourceTree = "<group>";
		};
		5897EFA61129C9530029B4D9 /* SDListView */ = {
			isa = PBXGroup;
			children = (
				5897EFA81129C9530029B4D9 /* SDListView+Private.h */,
				5897EFA91129C9530029B4D9 /* SDListView.h */,
				5897EFAA1129C9530029B4D9 /* SDListView.m */,
				5897EFAB1129C9530029B4D9 /* SDListViewItem+Private.h */,
				5897EFAC1129C9530029B4D9 /* SDListViewItem.h */,
				5897EFAD1129C9530029B4D9 /* SDListViewItem.m */,
			);
			path = SDListView;
			sourceTree = "<group>";
		};
		5897F1B6112DDD5D0029B4D9 /* Bridges */ = {
			isa = PBXGroup;
			children = (
				58E6E6E0113336D200B97529 /* ASIFormDataRequest.bridgesupport */,
				58E6E6E1113336D200B97529 /* ASIHTTPRequest.bridgesupport */,
				58E6E6E2113336D200B97529 /* ASIHTTPRequestConfig.bridgesupport */,
				58AEE8E611A5BB0000612211 /* ASIHTTPRequestDelegate.bridgesupport */,
				58E6E6E3113336D200B97529 /* ASIInputStream.bridgesupport */,
				58E6E6E4113336D200B97529 /* ASINetworkQueue.bridgesupport */,
				58E6E6E5113336D200B97529 /* ASINSStringAdditions.bridgesupport */,
				58AEE8E711A5BB0000612211 /* ASIProgressDelegate.bridgesupport */,
				5897F1B7112DDD5D0029B4D9 /* Constants.bridgesupport */,
				5897F1B8112DDD5D0029B4D9 /* OBAccount.bridgesupport */,
				58AEE8E811A5BB0000612211 /* OBAvatarGroup.bridgesupport */,
				5897F1B9112DDD5D0029B4D9 /* OBConnector.bridgesupport */,
				5897F1BA112DDD5D0029B4D9 /* OBDashboardMonitor.bridgesupport */,
				5897F1BC112DDD5D0029B4D9 /* OBMessage.bridgesupport */,
				5897F1BF112DDD5D0029B4D9 /* OBRequest.bridgesupport */,
				58E6E6E6113336D200B97529 /* OBUser.bridgesupport */,
				5897F1BB112DDD5D0029B4D9 /* ObjectiveBlip.bridgesupport */,
			);
			path = Bridges;
			sourceTree = "<group>";
		};
		5897F1D1112DDE660029B4D9 /* Images */ = {
			isa = PBXGroup;
			children = (
				589B867312B50D4F00516FA2 /* ajax-loader.gif */,
				589CDFF4119F08E100B1F64D /* error.png */,
				589CDFF5119F08E100B1F64D /* warning.png */,
				5883BD9C113D832C00F72D34 /* macblip_icon_80.png */,
				5897F20D112DED5D0029B4D9 /* new_message.png */,
				5897F20B112DEBEC0029B4D9 /* home.png */,
				5897F1FB112DE9060029B4D9 /* macblip_icon.icns */,
			);
			path = Images;
			sourceTree = "<group>";
		};
		58A25DF6117DE4F200784901 /* Bridges */ = {
			isa = PBXGroup;
			children = (
				58A25DF7117DE51100784901 /* QLPreviewPanel.bridgesupport */,
			);
			path = Bridges;
			sourceTree = "<group>";
		};
		58E6E5971131E3FA00B97529 /* Sparkle */ = {
			isa = PBXGroup;
			children = (
				58E6E59C1131E3FA00B97529 /* sparkle_pub_key.pem */,
			);
			path = Sparkle;
			sourceTree = "<group>";
		};
		58FBAA06117A338A00D1D323 /* ImageCrop */ = {
			isa = PBXGroup;
			children = (
				58FBAA07117A338A00D1D323 /* NSImage+MGCropExtensions.h */,
				58FBAA08117A338A00D1D323 /* NSImage+MGCropExtensions.m */,
			);
			path = ImageCrop;
			sourceTree = "<group>";
		};
/* End PBXGroup section */

/* Begin PBXNativeTarget section */
		8D1107260486CEB800E47090 /* MacBlip */ = {
			isa = PBXNativeTarget;
			buildConfigurationList = C01FCF4A08A954540054247B /* Build configuration list for PBXNativeTarget "MacBlip" */;
			buildPhases = (
				8D1107290486CEB800E47090 /* Resources */,
				8D11072C0486CEB800E47090 /* Sources */,
				8D11072E0486CEB800E47090 /* Frameworks */,
				172754B4107597CF00D0347B /* CopyFiles */,
			);
			buildRules = (
			);
			dependencies = (
			);
			name = MacBlip;
			productInstallPath = "$(HOME)/Applications";
			productName = MacBlip;
			productReference = 8D1107320486CEB800E47090 /* MacBlip.app */;
			productType = "com.apple.product-type.application";
		};
/* End PBXNativeTarget section */

/* Begin PBXProject section */
		29B97313FDCFA39411CA2CEA /* Project object */ = {
			isa = PBXProject;
			buildConfigurationList = C01FCF4E08A954540054247B /* Build configuration list for PBXProject "MacBlip" */;
			compatibilityVersion = "Xcode 3.0";
			developmentRegion = English;
			hasScannedForEncodings = 1;
			knownRegions = (
				English,
				Japanese,
				French,
				German,
				Polish,
			);
			mainGroup = 29B97314FDCFA39411CA2CEA /* MacBlip */;
			projectDirPath = "";
			projectRoot = "";
			targets = (
				8D1107260486CEB800E47090 /* MacBlip */,
				172754BD107597F200D0347B /* Unit Tests */,
				4D1A51A110A4FF5D0046A98A /* Compile */,
				4D1A51A510A4FF640046A98A /* Embed */,
			);
		};
/* End PBXProject section */

/* Begin PBXResourcesBuildPhase section */
		8D1107290486CEB800E47090 /* Resources */ = {
			isa = PBXResourcesBuildPhase;
			buildActionMask = 2147483647;
			files = (
				8D11072B0486CEB800E47090 /* InfoPlist.strings in Resources */,
				4DE339F70D74FCDD00ADB6EE /* rb_main.rb in Resources */,
				585A9239111B66FA003ABD05 /* ApplicationDelegate.rb in Resources */,
				585A923E111B674D003ABD05 /* MainWindowController.rb in Resources */,
				585A92AD111B7011003ABD05 /* MainWindow.xib in Resources */,
				585A92B0111B7060003ABD05 /* MainMenu.xib in Resources */,
				5897F030112C76650029B4D9 /* MessageCellController.rb in Resources */,
				5897F033112C766F0029B4D9 /* MessageCell.xib in Resources */,
				5897F1C2112DDD5D0029B4D9 /* Constants.bridgesupport in Resources */,
				5897F1C3112DDD5D0029B4D9 /* OBAccount.bridgesupport in Resources */,
				5897F1C4112DDD5D0029B4D9 /* OBConnector.bridgesupport in Resources */,
				5897F1C5112DDD5D0029B4D9 /* OBDashboardMonitor.bridgesupport in Resources */,
				5897F1C6112DDD5D0029B4D9 /* ObjectiveBlip.bridgesupport in Resources */,
				5897F1C7112DDD5D0029B4D9 /* OBMessage.bridgesupport in Resources */,
				5897F1CA112DDD5D0029B4D9 /* OBRequest.bridgesupport in Resources */,
				5897F1CE112DDE4A0029B4D9 /* LoginWindowController.rb in Resources */,
				5897F1D0112DDE5B0029B4D9 /* Extensions.rb in Resources */,
				5897F1D6112DDE850029B4D9 /* LoginWindow.xib in Resources */,
				5897F1FC112DE9060029B4D9 /* macblip_icon.icns in Resources */,
				5897F20C112DEBEC0029B4D9 /* home.png in Resources */,
				5897F20E112DED5D0029B4D9 /* new_message.png in Resources */,
				58341FEF112F1B44008938A9 /* BrowserController.rb in Resources */,
				583420EC11300618008938A9 /* Growl Registration Ticket.growlRegDict in Resources */,
				583422CD113083BA008938A9 /* NewMessageDialog.xib in Resources */,
				5834229811306E7E008938A9 /* NewMessageDialogController.rb in Resources */,
				58E6E3FF113183B300B97529 /* HumanReadableDateFormatter.rb in Resources */,
				58E6E400113183B300B97529 /* OBMessage.rb in Resources */,
				58E6E4B21131C55B00B97529 /* TweetieLikeScroller.rb in Resources */,
				58E6E5A11131E3FA00B97529 /* sparkle_pub_key.pem in Resources */,
				58E6E6E8113336D200B97529 /* ASIFormDataRequest.bridgesupport in Resources */,
				58E6E6E9113336D200B97529 /* ASIHTTPRequest.bridgesupport in Resources */,
				58E6E6EA113336D200B97529 /* ASIHTTPRequestConfig.bridgesupport in Resources */,
				58E6E6EB113336D200B97529 /* ASIInputStream.bridgesupport in Resources */,
				58E6E6EC113336D200B97529 /* ASINetworkQueue.bridgesupport in Resources */,
				58E6E6ED113336D200B97529 /* ASINSStringAdditions.bridgesupport in Resources */,
				58E6E6EE113336D200B97529 /* OBUser.bridgesupport in Resources */,
				58E6E8A51135E5BB00B97529 /* AboutWindowController.rb in Resources */,
				581805A11138516600A61784 /* OBUser.rb in Resources */,
				5883BD9D113D832C00F72D34 /* macblip_icon_80.png in Resources */,
				58A25DF8117DE51100784901 /* QLPreviewPanel.bridgesupport in Resources */,
				58A25E11117DE5DB00784901 /* QuickLookPicture.rb in Resources */,
				58230496117F235C0076AFB6 /* Localizable.strings in Resources */,
				589CDF88119F007000B1F64D /* WarningBar.rb in Resources */,
				589CDFF6119F08E100B1F64D /* error.png in Resources */,
				589CDFF7119F08E100B1F64D /* warning.png in Resources */,
				58AEE89A11A5AB8A00612211 /* FilesController.rb in Resources */,
				58AEE8E911A5BB0000612211 /* ASIHTTPRequestDelegate.bridgesupport in Resources */,
				58AEE8EA11A5BB0000612211 /* ASIProgressDelegate.bridgesupport in Resources */,
				58AEE8EB11A5BB0000612211 /* OBAvatarGroup.bridgesupport in Resources */,
				589B867412B50D4F00516FA2 /* ajax-loader.gif in Resources */,
				589B878E12B52DEE00516FA2 /* LinkExpander.rb in Resources */,
				589B893512B56B5A00516FA2 /* Credits.html in Resources */,
				583BB32212D26D4D002AD442 /* PSAccount.bridgesupport in Resources */,
				583BB32312D26D4D002AD442 /* PSCocoaExtensions.bridgesupport in Resources */,
				583BB32412D26D4D002AD442 /* PSConnector.bridgesupport in Resources */,
				583BB32512D26D4D002AD442 /* PSConnectorAccount.bridgesupport in Resources */,
				583BB32612D26D4D002AD442 /* PSConnectorDelegate.bridgesupport in Resources */,
				583BB32712D26D4D002AD442 /* PSConstants.bridgesupport in Resources */,
				583BB32812D26D4D002AD442 /* PSDependencies.bridgesupport in Resources */,
				583BB32912D26D4D002AD442 /* PSFoundationExtensions.bridgesupport in Resources */,
				583BB32A12D26D4D002AD442 /* PSIntArray.bridgesupport in Resources */,
				583BB32B12D26D4D002AD442 /* PsiToolkit.bridgesupport in Resources */,
				583BB32C12D26D4D002AD442 /* PSMacros.bridgesupport in Resources */,
				583BB32D12D26D4D002AD442 /* PSModel.bridgesupport in Resources */,
				583BB32E12D26D4D002AD442 /* PSModelManager.bridgesupport in Resources */,
				583BB32F12D26D4D002AD442 /* PSPathBuilder.bridgesupport in Resources */,
				583BB33012D26D4D002AD442 /* PSRequest.bridgesupport in Resources */,
				583BB33112D26D4D002AD442 /* PSResponse.bridgesupport in Resources */,
				583BB33212D26D4D002AD442 /* PSRestRouter.bridgesupport in Resources */,
				583BB33312D26D4D002AD442 /* PSRouter.bridgesupport in Resources */,
				583BB33412D26D4D002AD442 /* PSSecurityExtensions.bridgesupport in Resources */,
			);
			runOnlyForDeploymentPostprocessing = 0;
		};
/* End PBXResourcesBuildPhase section */

/* Begin PBXShellScriptBuildPhase section */
		172754BC107597F200D0347B /* ShellScript */ = {
			isa = PBXShellScriptBuildPhase;
			buildActionMask = 2147483647;
			files = (
			);
			inputPaths = (
			);
			outputPaths = (
			);
			runOnlyForDeploymentPostprocessing = 0;
			shellPath = /bin/sh;
			shellScript = "/usr/local/bin/macruby Tests/run_suite.rb";
		};
		4D1A51A010A4FF5D0046A98A /* ShellScript */ = {
			isa = PBXShellScriptBuildPhase;
			buildActionMask = 2147483647;
			files = (
			);
			inputPaths = (
			);
			outputPaths = (
			);
			runOnlyForDeploymentPostprocessing = 0;
			shellPath = /bin/sh;
			shellScript = "# The macruby_deploy command-line tool with the --compile argument will compile every Ruby source file of your .app into machine code. Default options will be used. Pass the -h option to get more information.\nPATH=\"$PATH:/usr/local/bin\" macruby_deploy --compile \"$TARGET_BUILD_DIR/$PROJECT_NAME.app\"";
		};
		4D1A51A410A4FF640046A98A /* ShellScript */ = {
			isa = PBXShellScriptBuildPhase;
			buildActionMask = 2147483647;
			files = (
			);
			inputPaths = (
			);
			outputPaths = (
			);
			runOnlyForDeploymentPostprocessing = 0;
			shellPath = /bin/sh;
			shellScript = "# The macruby_deploy command-line tool with the --embed argument will make sure the MacRuby framework will be embedded in your .app. Default options will be used. Pass the -h option to get more information.\nPATH=\"$PATH:/usr/local/bin\" macruby_deploy --embed \"$TARGET_BUILD_DIR/$PROJECT_NAME.app\"";
		};
/* End PBXShellScriptBuildPhase section */

/* Begin PBXSourcesBuildPhase section */
		8D11072C0486CEB800E47090 /* Sources */ = {
			isa = PBXSourcesBuildPhase;
			buildActionMask = 2147483647;
			files = (
				8D11072D0486CEB800E47090 /* main.m in Sources */,
				5821058B11178FB00025DAF4 /* OBAccount.m in Sources */,
				5821058C11178FB00025DAF4 /* OBConnector.m in Sources */,
				5821058D11178FB00025DAF4 /* OBDashboardMonitor.m in Sources */,
				5821058E11178FB00025DAF4 /* OBMessage.m in Sources */,
				5897EFAF1129C9530029B4D9 /* SDKVO.m in Sources */,
				5897EFB11129C9530029B4D9 /* SDListView.m in Sources */,
				5897EFB21129C9530029B4D9 /* SDListViewItem.m in Sources */,
				583421A4113043B8008938A9 /* OBUser.m in Sources */,
				58E6E7111133404C00B97529 /* OBAvatarGroup.m in Sources */,
				58FBAA09117A338A00D1D323 /* NSImage+MGCropExtensions.m in Sources */,
				580A6D30127F2A060078439A /* MessageTextView.m in Sources */,
				580A6D3B127F310F0078439A /* AvatarView.m in Sources */,
				580A6D46127F32AF0078439A /* MessagePictureView.m in Sources */,
				580A6FA1127F5E390078439A /* MessageCell.m in Sources */,
				5871629D12B4EDA900830147 /* OBShortLink.m in Sources */,
				583BB31912D26D4D002AD442 /* ASIFormDataRequest.m in Sources */,
				583BB31A12D26D4D002AD442 /* ASIHTTPRequest.m in Sources */,
				583BB31B12D26D4D002AD442 /* ASIInputStream.m in Sources */,
				583BB31C12D26D4D002AD442 /* ASINetworkQueue.m in Sources */,
				583BB31D12D26D4D002AD442 /* ASINSStringAdditions.m in Sources */,
				583BB31F12D26D4D002AD442 /* PSFoundationExtensions.m in Sources */,
				583BB32012D26D4D002AD442 /* PSIntArray.m in Sources */,
				583BB32112D26D4D002AD442 /* PSModule.m in Sources */,
				583BB33512D26D4D002AD442 /* PSCocoaExtensions.m in Sources */,
				583BB33812D26D4D002AD442 /* PSAccount.m in Sources */,
				583BB33912D26D4D002AD442 /* PSModel.m in Sources */,
				583BB33A12D26D4D002AD442 /* PSModelManager.m in Sources */,
				583BB33B12D26D4D002AD442 /* PSConnector.m in Sources */,
				583BB33C12D26D4D002AD442 /* PSPathBuilder.m in Sources */,
				583BB33D12D26D4D002AD442 /* PSRequest.m in Sources */,
				583BB33E12D26D4D002AD442 /* PSResponse.m in Sources */,
				583BB33F12D26D4D002AD442 /* PSRestRouter.m in Sources */,
				583BB34112D26D4D002AD442 /* PSSecurityExtensions.m in Sources */,
				583BB34212D26D4D002AD442 /* SDKeychain.m in Sources */,
				583BB34312D26D4D002AD442 /* SFHFKeychainUtils.m in Sources */,
				583BB34412D26D4D002AD442 /* PSUIExtensions.m in Sources */,
			);
			runOnlyForDeploymentPostprocessing = 0;
		};
/* End PBXSourcesBuildPhase section */

/* Begin PBXVariantGroup section */
		089C165CFE840E0CC02AAC07 /* InfoPlist.strings */ = {
			isa = PBXVariantGroup;
			children = (
				089C165DFE840E0CC02AAC07 /* English */,
			);
			name = InfoPlist.strings;
			sourceTree = "<group>";
		};
		58230495117F235C0076AFB6 /* Localizable.strings */ = {
			isa = PBXVariantGroup;
			children = (
				58230493117F23550076AFB6 /* English */,
				58230497117F23620076AFB6 /* Polish */,
			);
			name = Localizable.strings;
			sourceTree = "<group>";
		};
		583422CC113083BA008938A9 /* NewMessageDialog.xib */ = {
			isa = PBXVariantGroup;
			children = (
				5834229211306A9F008938A9 /* English */,
				5823049D117F23AF0076AFB6 /* Polish */,
			);
			name = NewMessageDialog.xib;
			sourceTree = "<group>";
		};
		585A92AC111B7011003ABD05 /* MainWindow.xib */ = {
			isa = PBXVariantGroup;
			children = (
				585A92AA111B7003003ABD05 /* English */,
				5823049C117F23AA0076AFB6 /* Polish */,
			);
			name = MainWindow.xib;
			sourceTree = "<group>";
		};
		585A92AE111B7060003ABD05 /* MainMenu.xib */ = {
			isa = PBXVariantGroup;
			children = (
				585A92AF111B7060003ABD05 /* English */,
				5823049B117F23A40076AFB6 /* Polish */,
			);
			name = MainMenu.xib;
			sourceTree = "<group>";
		};
		5897F031112C766F0029B4D9 /* MessageCell.xib */ = {
			isa = PBXVariantGroup;
			children = (
				5897F032112C766F0029B4D9 /* English */,
				5823049A117F239D0076AFB6 /* Polish */,
			);
			name = MessageCell.xib;
			sourceTree = "<group>";
		};
		5897F1D4112DDE850029B4D9 /* LoginWindow.xib */ = {
			isa = PBXVariantGroup;
			children = (
				5897F1D5112DDE850029B4D9 /* English */,
				58230499117F23960076AFB6 /* Polish */,
			);
			name = LoginWindow.xib;
			sourceTree = "<group>";
		};
		589B893412B56B5A00516FA2 /* Credits.html */ = {
			isa = PBXVariantGroup;
			children = (
				589B88D912B5591E00516FA2 /* English */,
				589B893812B56B8200516FA2 /* Polish */,
			);
			name = Credits.html;
			sourceTree = "<group>";
		};
/* End PBXVariantGroup section */

/* Begin XCBuildConfiguration section */
		172754BE107597F200D0347B /* Debug */ = {
			isa = XCBuildConfiguration;
			buildSettings = {
				COPY_PHASE_STRIP = NO;
				GCC_DYNAMIC_NO_PIC = NO;
				GCC_OPTIMIZATION_LEVEL = 0;
				PRODUCT_NAME = "Unit Tests";
			};
			name = Debug;
		};
		172754BF107597F200D0347B /* Release */ = {
			isa = XCBuildConfiguration;
			buildSettings = {
				COPY_PHASE_STRIP = YES;
				DEBUG_INFORMATION_FORMAT = "dwarf-with-dsym";
				GCC_ENABLE_FIX_AND_CONTINUE = NO;
				PRODUCT_NAME = "Unit Tests";
				ZERO_LINK = NO;
			};
			name = Release;
		};
		4D1A51A210A4FF5D0046A98A /* Debug */ = {
			isa = XCBuildConfiguration;
			buildSettings = {
				COPY_PHASE_STRIP = NO;
				GCC_DYNAMIC_NO_PIC = NO;
				GCC_OPTIMIZATION_LEVEL = 0;
				PRODUCT_NAME = Compile;
			};
			name = Debug;
		};
		4D1A51A310A4FF5D0046A98A /* Release */ = {
			isa = XCBuildConfiguration;
			buildSettings = {
				COPY_PHASE_STRIP = YES;
				DEBUG_INFORMATION_FORMAT = "dwarf-with-dsym";
				GCC_ENABLE_FIX_AND_CONTINUE = NO;
				PRODUCT_NAME = Compile;
				ZERO_LINK = NO;
			};
			name = Release;
		};
		4D1A51A610A4FF640046A98A /* Debug */ = {
			isa = XCBuildConfiguration;
			buildSettings = {
				COPY_PHASE_STRIP = NO;
				GCC_DYNAMIC_NO_PIC = NO;
				GCC_OPTIMIZATION_LEVEL = 0;
				PRODUCT_NAME = Embed;
			};
			name = Debug;
		};
		4D1A51A710A4FF640046A98A /* Release */ = {
			isa = XCBuildConfiguration;
			buildSettings = {
				COPY_PHASE_STRIP = YES;
				DEBUG_INFORMATION_FORMAT = "dwarf-with-dsym";
				GCC_ENABLE_FIX_AND_CONTINUE = NO;
				PRODUCT_NAME = Embed;
				ZERO_LINK = NO;
			};
			name = Release;
		};
		C01FCF4B08A954540054247B /* Debug */ = {
			isa = XCBuildConfiguration;
			buildSettings = {
				COPY_PHASE_STRIP = NO;
				FRAMEWORK_SEARCH_PATHS = (
					"$(inherited)",
					"\"$(SRCROOT)/build/Debug\"",
					"\"$(SRCROOT)/Lib\"",
				);
				GCC_DYNAMIC_NO_PIC = NO;
				GCC_ENABLE_FIX_AND_CONTINUE = YES;
				GCC_MODEL_TUNING = G5;
				GCC_OPTIMIZATION_LEVEL = 0;
				GCC_PRECOMPILE_PREFIX_HEADER = YES;
				GCC_PREFIX_HEADER = MacBlip_Prefix.pch;
				INFOPLIST_FILE = Info.plist;
				INSTALL_PATH = "$(HOME)/Applications";
				OTHER_CFLAGS = "-DDEBUG";
				PRODUCT_NAME = MacBlip;
				WRAPPER_EXTENSION = app;
				ZERO_LINK = YES;
			};
			name = Debug;
		};
		C01FCF4C08A954540054247B /* Release */ = {
			isa = XCBuildConfiguration;
			buildSettings = {
				DEBUG_INFORMATION_FORMAT = "dwarf-with-dsym";
				FRAMEWORK_SEARCH_PATHS = (
					"$(inherited)",
					"\"$(SRCROOT)/build/Debug\"",
					"\"$(SRCROOT)/Lib\"",
				);
				GCC_MODEL_TUNING = G5;
				GCC_PRECOMPILE_PREFIX_HEADER = YES;
				GCC_PREFIX_HEADER = MacBlip_Prefix.pch;
				INFOPLIST_FILE = Info.plist;
				INSTALL_PATH = "$(HOME)/Applications";
				OTHER_CFLAGS = "";
				PRODUCT_NAME = MacBlip;
				WRAPPER_EXTENSION = app;
			};
			name = Release;
		};
		C01FCF4F08A954540054247B /* Debug */ = {
			isa = XCBuildConfiguration;
			buildSettings = {
				ARCHS = "$(NATIVE_ARCH_ACTUAL)";
				GCC_C_LANGUAGE_STANDARD = gnu99;
				GCC_ENABLE_OBJC_GC = required;
				GCC_WARN_ABOUT_RETURN_TYPE = YES;
				GCC_WARN_UNUSED_VARIABLE = YES;
				LD_RUNPATH_SEARCH_PATHS = "@loader_path/../Frameworks";
				PREBINDING = NO;
				SDKROOT = "$(DEVELOPER_SDK_DIR)/MacOSX10.6.sdk";
				VALID_ARCHS = "i386 x86_64";
			};
			name = Debug;
		};
		C01FCF5008A954540054247B /* Release */ = {
			isa = XCBuildConfiguration;
			buildSettings = {
				ARCHS = (
					i386,
					x86_64,
				);
				GCC_C_LANGUAGE_STANDARD = gnu99;
				GCC_ENABLE_OBJC_GC = required;
				GCC_WARN_ABOUT_RETURN_TYPE = YES;
				GCC_WARN_UNUSED_VARIABLE = YES;
				LD_RUNPATH_SEARCH_PATHS = "@loader_path/../Frameworks";
				PREBINDING = NO;
				SDKROOT = "$(DEVELOPER_SDK_DIR)/MacOSX10.6.sdk";
				VALID_ARCHS = "i386 x86_64";
			};
			name = Release;
		};
/* End XCBuildConfiguration section */

/* Begin XCConfigurationList section */
		172754C7107597F400D0347B /* Build configuration list for PBXAggregateTarget "Unit Tests" */ = {
			isa = XCConfigurationList;
			buildConfigurations = (
				172754BE107597F200D0347B /* Debug */,
				172754BF107597F200D0347B /* Release */,
			);
			defaultConfigurationIsVisible = 0;
			defaultConfigurationName = Release;
		};
		4D1A51AB10A4FF6A0046A98A /* Build configuration list for PBXAggregateTarget "Compile" */ = {
			isa = XCConfigurationList;
			buildConfigurations = (
				4D1A51A210A4FF5D0046A98A /* Debug */,
				4D1A51A310A4FF5D0046A98A /* Release */,
			);
			defaultConfigurationIsVisible = 0;
			defaultConfigurationName = Release;
		};
		4D1A51AC10A4FF6A0046A98A /* Build configuration list for PBXAggregateTarget "Embed" */ = {
			isa = XCConfigurationList;
			buildConfigurations = (
				4D1A51A610A4FF640046A98A /* Debug */,
				4D1A51A710A4FF640046A98A /* Release */,
			);
			defaultConfigurationIsVisible = 0;
			defaultConfigurationName = Release;
		};
		C01FCF4A08A954540054247B /* Build configuration list for PBXNativeTarget "MacBlip" */ = {
			isa = XCConfigurationList;
			buildConfigurations = (
				C01FCF4B08A954540054247B /* Debug */,
				C01FCF4C08A954540054247B /* Release */,
			);
			defaultConfigurationIsVisible = 0;
			defaultConfigurationName = Release;
		};
		C01FCF4E08A954540054247B /* Build configuration list for PBXProject "MacBlip" */ = {
			isa = XCConfigurationList;
			buildConfigurations = (
				C01FCF4F08A954540054247B /* Debug */,
				C01FCF5008A954540054247B /* Release */,
			);
			defaultConfigurationIsVisible = 0;
			defaultConfigurationName = Release;
		};
/* End XCConfigurationList section */
	};
	rootObject = 29B97313FDCFA39411CA2CEA /* Project object */;
}
